// !$*UTF8*$!
{
	archiveVersion = 1;
	classes = {
	};
	objectVersion = 46;
	objects = {

/* Begin PBXBuildFile section */
		2C0C773819A9731D0016A1C5 /* InitialPageViewController.m in Sources */ = {isa = PBXBuildFile; fileRef = 2C0C773719A9731D0016A1C5 /* InitialPageViewController.m */; };
		2C0C773B19A97D000016A1C5 /* AlbumSelectViewController.m in Sources */ = {isa = PBXBuildFile; fileRef = 2C0C773A19A97D000016A1C5 /* AlbumSelectViewController.m */; };
		2C0C773E19AAA5550016A1C5 /* FlickrAlbumCell.m in Sources */ = {isa = PBXBuildFile; fileRef = 2C0C773D19AAA5550016A1C5 /* FlickrAlbumCell.m */; };
		2C38A04B19C93E0D00114C6F /* CalendarViewController.m in Sources */ = {isa = PBXBuildFile; fileRef = 2C38A04A19C93E0D00114C6F /* CalendarViewController.m */; };
		2C38A06F19CBDC5000114C6F /* CalendarEvent.m in Sources */ = {isa = PBXBuildFile; fileRef = 2C38A06E19CBDC5000114C6F /* CalendarEvent.m */; };
		2C65933E19AED13500C303B5 /* StudyGuideSelectViewController.m in Sources */ = {isa = PBXBuildFile; fileRef = 2C65933D19AED13500C303B5 /* StudyGuideSelectViewController.m */; };
		2C65934119AF870C00C303B5 /* StudyGuideViewController.m in Sources */ = {isa = PBXBuildFile; fileRef = 2C65934019AF870C00C303B5 /* StudyGuideViewController.m */; };
		2C65934519AFA34200C303B5 /* www in Resources */ = {isa = PBXBuildFile; fileRef = 2C65934419AFA34200C303B5 /* www */; };
		2C65934819AFA3C100C303B5 /* QuotesViewController.m in Sources */ = {isa = PBXBuildFile; fileRef = 2C65934719AFA3C100C303B5 /* QuotesViewController.m */; };
		2C6D52B9198BE1D20044705A /* Foundation.framework in Frameworks */ = {isa = PBXBuildFile; fileRef = 2C6D52B8198BE1D20044705A /* Foundation.framework */; };
		2C6D52BB198BE1D20044705A /* CoreGraphics.framework in Frameworks */ = {isa = PBXBuildFile; fileRef = 2C6D52BA198BE1D20044705A /* CoreGraphics.framework */; };
		2C6D52BD198BE1D20044705A /* UIKit.framework in Frameworks */ = {isa = PBXBuildFile; fileRef = 2C6D52BC198BE1D20044705A /* UIKit.framework */; };
		2C6D52C3198BE1D20044705A /* InfoPlist.strings in Resources */ = {isa = PBXBuildFile; fileRef = 2C6D52C1198BE1D20044705A /* InfoPlist.strings */; };
		2C6D52C5198BE1D20044705A /* main.m in Sources */ = {isa = PBXBuildFile; fileRef = 2C6D52C4198BE1D20044705A /* main.m */; };
		2C6D52C9198BE1D20044705A /* AppDelegate.m in Sources */ = {isa = PBXBuildFile; fileRef = 2C6D52C8198BE1D20044705A /* AppDelegate.m */; };
		2C6D52CC198BE1D20044705A /* Main.storyboard in Resources */ = {isa = PBXBuildFile; fileRef = 2C6D52CA198BE1D20044705A /* Main.storyboard */; };
		2C6D52CF198BE1D20044705A /* ViewController.m in Sources */ = {isa = PBXBuildFile; fileRef = 2C6D52CE198BE1D20044705A /* ViewController.m */; };
		2C6D52D1198BE1D20044705A /* Images.xcassets in Resources */ = {isa = PBXBuildFile; fileRef = 2C6D52D0198BE1D20044705A /* Images.xcassets */; };
		2C6D52D8198BE1D20044705A /* XCTest.framework in Frameworks */ = {isa = PBXBuildFile; fileRef = 2C6D52D7198BE1D20044705A /* XCTest.framework */; };
		2C6D52D9198BE1D20044705A /* Foundation.framework in Frameworks */ = {isa = PBXBuildFile; fileRef = 2C6D52B8198BE1D20044705A /* Foundation.framework */; };
		2C6D52DA198BE1D20044705A /* UIKit.framework in Frameworks */ = {isa = PBXBuildFile; fileRef = 2C6D52BC198BE1D20044705A /* UIKit.framework */; };
		2C6D52E2198BE1D20044705A /* InfoPlist.strings in Resources */ = {isa = PBXBuildFile; fileRef = 2C6D52E0198BE1D20044705A /* InfoPlist.strings */; };
		2C6D52E4198BE1D20044705A /* Mountain_View_Girls_CampTests.m in Sources */ = {isa = PBXBuildFile; fileRef = 2C6D52E3198BE1D20044705A /* Mountain_View_Girls_CampTests.m */; };
		2C6D5302198BE21C0044705A /* bg_cork.png in Resources */ = {isa = PBXBuildFile; fileRef = 2C6D52EE198BE21C0044705A /* bg_cork.png */; };
		2C6D5303198BE21C0044705A /* bg_cork@2x.png in Resources */ = {isa = PBXBuildFile; fileRef = 2C6D52EF198BE21C0044705A /* bg_cork@2x.png */; };
		2C6D5304198BE21C0044705A /* button.png in Resources */ = {isa = PBXBuildFile; fileRef = 2C6D52F0198BE21C0044705A /* button.png */; };
		2C6D5305198BE21C0044705A /* button@2x.png in Resources */ = {isa = PBXBuildFile; fileRef = 2C6D52F1198BE21C0044705A /* button@2x.png */; };
		2C6D5306198BE21C0044705A /* decoration_snail.png in Resources */ = {isa = PBXBuildFile; fileRef = 2C6D52F2198BE21C0044705A /* decoration_snail.png */; };
		2C6D5307198BE21C0044705A /* decoration_snail@2x.png in Resources */ = {isa = PBXBuildFile; fileRef = 2C6D52F3198BE21C0044705A /* decoration_snail@2x.png */; };
		2C6D5308198BE21C0044705A /* divider_bar.png in Resources */ = {isa = PBXBuildFile; fileRef = 2C6D52F4198BE21C0044705A /* divider_bar.png */; };
		2C6D5309198BE21C0044705A /* divider_bar@2x.png in Resources */ = {isa = PBXBuildFile; fileRef = 2C6D52F5198BE21C0044705A /* divider_bar@2x.png */; };
		2C6D530A198BE21C0044705A /* header_bg.png in Resources */ = {isa = PBXBuildFile; fileRef = 2C6D52F6198BE21C0044705A /* header_bg.png */; };
		2C6D530B198BE21C0044705A /* header_bg@2x.png in Resources */ = {isa = PBXBuildFile; fileRef = 2C6D52F7198BE21C0044705A /* header_bg@2x.png */; };
		2C6D530C198BE21C0044705A /* navbar.png in Resources */ = {isa = PBXBuildFile; fileRef = 2C6D52F8198BE21C0044705A /* navbar.png */; };
		2C6D530D198BE21C0044705A /* navbar@2x.png in Resources */ = {isa = PBXBuildFile; fileRef = 2C6D52F9198BE21C0044705A /* navbar@2x.png */; };
		2C6D530E198BE21C0044705A /* polaroid1_border.png in Resources */ = {isa = PBXBuildFile; fileRef = 2C6D52FA198BE21C0044705A /* polaroid1_border.png */; };
		2C6D530F198BE21C0044705A /* polaroid1_border@2x.png in Resources */ = {isa = PBXBuildFile; fileRef = 2C6D52FB198BE21C0044705A /* polaroid1_border@2x.png */; };
		2C6D5310198BE21C0044705A /* pushpin.png in Resources */ = {isa = PBXBuildFile; fileRef = 2C6D52FC198BE21C0044705A /* pushpin.png */; };
		2C6D5311198BE21C0044705A /* pushpin@2x.png in Resources */ = {isa = PBXBuildFile; fileRef = 2C6D52FD198BE21C0044705A /* pushpin@2x.png */; };
		2C6D5312198BE21C0044705A /* search_field.png in Resources */ = {isa = PBXBuildFile; fileRef = 2C6D52FE198BE21C0044705A /* search_field.png */; };
		2C6D5313198BE21C0044705A /* search_field@2x.png in Resources */ = {isa = PBXBuildFile; fileRef = 2C6D52FF198BE21C0044705A /* search_field@2x.png */; };
		2C6D5314198BE21C0044705A /* search_text.png in Resources */ = {isa = PBXBuildFile; fileRef = 2C6D5300198BE21C0044705A /* search_text.png */; };
		2C6D5315198BE21C0044705A /* search_text@2x.png in Resources */ = {isa = PBXBuildFile; fileRef = 2C6D5301198BE21C0044705A /* search_text@2x.png */; };
		2C6D531A198C641A0044705A /* Flickr.m in Sources */ = {isa = PBXBuildFile; fileRef = 2C6D5317198C641A0044705A /* Flickr.m */; };
		2C6D531B198C641A0044705A /* FlickrPhoto.m in Sources */ = {isa = PBXBuildFile; fileRef = 2C6D5319198C641A0044705A /* FlickrPhoto.m */; };
		2C6D531F198FC6050044705A /* FlickrPhotoCell.m in Sources */ = {isa = PBXBuildFile; fileRef = 2C6D531E198FC6050044705A /* FlickrPhotoCell.m */; };
		2C6D532219903F060044705A /* FlickrPhotoHeaderView.m in Sources */ = {isa = PBXBuildFile; fileRef = 2C6D532119903F060044705A /* FlickrPhotoHeaderView.m */; };
		2C6D5325199084FB0044705A /* FlickrPhotoViewController.m in Sources */ = {isa = PBXBuildFile; fileRef = 2C6D5324199084FB0044705A /* FlickrPhotoViewController.m */; };
		2C6D5337199324D40044705A /* MessageUI.framework in Frameworks */ = {isa = PBXBuildFile; fileRef = 2C6D5336199324D40044705A /* MessageUI.framework */; };
		2C84A61419CD0B79002DAEBD /* CalendarEventViewCell.m in Sources */ = {isa = PBXBuildFile; fileRef = 2C84A61319CD0B79002DAEBD /* CalendarEventViewCell.m */; };
		2C84A61519CD11B0002DAEBD /* libPods.a in Sources */ = {isa = PBXBuildFile; fileRef = E631DF62523A414C8D2DA0E7 /* libPods.a */; };
		2C84A61819CD182F002DAEBD /* CalendarDayColumnHeader.m in Sources */ = {isa = PBXBuildFile; fileRef = 2C84A61719CD182F002DAEBD /* CalendarDayColumnHeader.m */; };
		2CEC937519BA303600B33A7E /* AppIcon29x29.png in Resources */ = {isa = PBXBuildFile; fileRef = 2CEC936519BA303600B33A7E /* AppIcon29x29.png */; };
		2CEC937619BA303600B33A7E /* AppIcon29x29@2x.png in Resources */ = {isa = PBXBuildFile; fileRef = 2CEC936619BA303600B33A7E /* AppIcon29x29@2x.png */; };
		2CEC937719BA303600B33A7E /* AppIcon40x40.png in Resources */ = {isa = PBXBuildFile; fileRef = 2CEC936719BA303600B33A7E /* AppIcon40x40.png */; };
		2CEC937819BA303600B33A7E /* AppIcon40x40@2x.png in Resources */ = {isa = PBXBuildFile; fileRef = 2CEC936819BA303600B33A7E /* AppIcon40x40@2x.png */; };
		2CEC937919BA303600B33A7E /* AppIcon50x50.png in Resources */ = {isa = PBXBuildFile; fileRef = 2CEC936919BA303600B33A7E /* AppIcon50x50.png */; };
		2CEC937A19BA303600B33A7E /* AppIcon50x50@2x.png in Resources */ = {isa = PBXBuildFile; fileRef = 2CEC936A19BA303600B33A7E /* AppIcon50x50@2x.png */; };
		2CEC937B19BA303600B33A7E /* AppIcon57x57.png in Resources */ = {isa = PBXBuildFile; fileRef = 2CEC936B19BA303600B33A7E /* AppIcon57x57.png */; };
		2CEC937C19BA303600B33A7E /* AppIcon57x57@2x.png in Resources */ = {isa = PBXBuildFile; fileRef = 2CEC936C19BA303600B33A7E /* AppIcon57x57@2x.png */; };
		2CEC937D19BA303600B33A7E /* AppIcon60x60.png in Resources */ = {isa = PBXBuildFile; fileRef = 2CEC936D19BA303600B33A7E /* AppIcon60x60.png */; };
		2CEC937E19BA303600B33A7E /* AppIcon60x60@2x.png in Resources */ = {isa = PBXBuildFile; fileRef = 2CEC936E19BA303600B33A7E /* AppIcon60x60@2x.png */; };
		2CEC937F19BA303600B33A7E /* AppIcon72x72.png in Resources */ = {isa = PBXBuildFile; fileRef = 2CEC936F19BA303600B33A7E /* AppIcon72x72.png */; };
		2CEC938019BA303600B33A7E /* AppIcon72x72@2x.png in Resources */ = {isa = PBXBuildFile; fileRef = 2CEC937019BA303600B33A7E /* AppIcon72x72@2x.png */; };
		2CEC938119BA303600B33A7E /* AppIcon76x76.png in Resources */ = {isa = PBXBuildFile; fileRef = 2CEC937119BA303600B33A7E /* AppIcon76x76.png */; };
		2CEC938219BA303600B33A7E /* AppIcon76x76@2x.png in Resources */ = {isa = PBXBuildFile; fileRef = 2CEC937219BA303600B33A7E /* AppIcon76x76@2x.png */; };
		2CEC938319BA303600B33A7E /* iTunesArtwork.png in Resources */ = {isa = PBXBuildFile; fileRef = 2CEC937319BA303600B33A7E /* iTunesArtwork.png */; };
		2CEC938419BA303600B33A7E /* iTunesArtwork@2x.png in Resources */ = {isa = PBXBuildFile; fileRef = 2CEC937419BA303600B33A7E /* iTunesArtwork@2x.png */; };
		2CF50EDE19CDE7EA00A95A95 /* CalendarTimeRowHeader.m in Sources */ = {isa = PBXBuildFile; fileRef = 2CF50EDD19CDE7EA00A95A95 /* CalendarTimeRowHeader.m */; };
		2CF50EE719D116B100A95A95 /* TriviaQuestion.m in Sources */ = {isa = PBXBuildFile; fileRef = 2CF50EE619D116B100A95A95 /* TriviaQuestion.m */; };
		2CF50EEC19D11B6E00A95A95 /* trivia.txt in Resources */ = {isa = PBXBuildFile; fileRef = 2CF50EEB19D11B6E00A95A95 /* trivia.txt */; };
		2CF50EEF19D11F1800A95A95 /* TriviaViewController.m in Sources */ = {isa = PBXBuildFile; fileRef = 2CF50EEE19D11F1800A95A95 /* TriviaViewController.m */; };
		C4094C5451864EF88CDD351C /* libPods.a in Frameworks */ = {isa = PBXBuildFile; fileRef = E631DF62523A414C8D2DA0E7 /* libPods.a */; };
/* End PBXBuildFile section */

/* Begin PBXContainerItemProxy section */
		2C6D52DB198BE1D20044705A /* PBXContainerItemProxy */ = {
			isa = PBXContainerItemProxy;
			containerPortal = 2C6D52AD198BE1D10044705A /* Project object */;
			proxyType = 1;
			remoteGlobalIDString = 2C6D52B4198BE1D10044705A;
			remoteInfo = "Mountain View Girls Camp";
		};
/* End PBXContainerItemProxy section */

/* Begin PBXFileReference section */
		2C0C773619A9731D0016A1C5 /* InitialPageViewController.h */ = {isa = PBXFileReference; fileEncoding = 4; lastKnownFileType = sourcecode.c.h; path = InitialPageViewController.h; sourceTree = "<group>"; };
		2C0C773719A9731D0016A1C5 /* InitialPageViewController.m */ = {isa = PBXFileReference; fileEncoding = 4; lastKnownFileType = sourcecode.c.objc; path = InitialPageViewController.m; sourceTree = "<group>"; };
		2C0C773919A97D000016A1C5 /* AlbumSelectViewController.h */ = {isa = PBXFileReference; fileEncoding = 4; lastKnownFileType = sourcecode.c.h; path = AlbumSelectViewController.h; sourceTree = "<group>"; };
		2C0C773A19A97D000016A1C5 /* AlbumSelectViewController.m */ = {isa = PBXFileReference; fileEncoding = 4; lastKnownFileType = sourcecode.c.objc; path = AlbumSelectViewController.m; sourceTree = "<group>"; };
		2C0C773C19AAA5550016A1C5 /* FlickrAlbumCell.h */ = {isa = PBXFileReference; fileEncoding = 4; lastKnownFileType = sourcecode.c.h; path = FlickrAlbumCell.h; sourceTree = "<group>"; };
		2C0C773D19AAA5550016A1C5 /* FlickrAlbumCell.m */ = {isa = PBXFileReference; fileEncoding = 4; lastKnownFileType = sourcecode.c.objc; path = FlickrAlbumCell.m; sourceTree = "<group>"; };
		2C38A04919C93E0D00114C6F /* CalendarViewController.h */ = {isa = PBXFileReference; fileEncoding = 4; lastKnownFileType = sourcecode.c.h; path = CalendarViewController.h; sourceTree = "<group>"; };
		2C38A04A19C93E0D00114C6F /* CalendarViewController.m */ = {isa = PBXFileReference; fileEncoding = 4; lastKnownFileType = sourcecode.c.objc; path = CalendarViewController.m; sourceTree = "<group>"; };
		2C38A04C19C93EB100114C6F /* libPods-MSCollectionViewCalendarLayout.a */ = {isa = PBXFileReference; lastKnownFileType = archive.ar; name = "libPods-MSCollectionViewCalendarLayout.a"; path = "Pods/build/Debug-iphoneos/libPods-MSCollectionViewCalendarLayout.a"; sourceTree = "<group>"; };
		2C38A04F19CBD9CC00114C6F /* libPods-AFNetworking.a */ = {isa = PBXFileReference; lastKnownFileType = archive.ar; name = "libPods-AFNetworking.a"; path = "Pods/build/Debug-iphoneos/libPods-AFNetworking.a"; sourceTree = "<group>"; };
		2C38A05019CBD9CC00114C6F /* libPods-CupertinoYankee.a */ = {isa = PBXFileReference; lastKnownFileType = archive.ar; name = "libPods-CupertinoYankee.a"; path = "Pods/build/Debug-iphoneos/libPods-CupertinoYankee.a"; sourceTree = "<group>"; };
		2C38A05119CBD9CC00114C6F /* libPods-ISO8601DateFormatterValueTransformer.a */ = {isa = PBXFileReference; lastKnownFileType = archive.ar; name = "libPods-ISO8601DateFormatterValueTransformer.a"; path = "Pods/build/Debug-iphoneos/libPods-ISO8601DateFormatterValueTransformer.a"; sourceTree = "<group>"; };
		2C38A05219CBD9CC00114C6F /* libPods-Masonry.a */ = {isa = PBXFileReference; lastKnownFileType = archive.ar; name = "libPods-Masonry.a"; path = "Pods/build/Debug-iphoneos/libPods-Masonry.a"; sourceTree = "<group>"; };
		2C38A05319CBD9CC00114C6F /* libPods-MSCollectionViewCalendarLayout.a */ = {isa = PBXFileReference; lastKnownFileType = archive.ar; name = "libPods-MSCollectionViewCalendarLayout.a"; path = "Pods/build/Debug-iphoneos/libPods-MSCollectionViewCalendarLayout.a"; sourceTree = "<group>"; };
		2C38A05419CBD9CC00114C6F /* libPods-RestKit.a */ = {isa = PBXFileReference; lastKnownFileType = archive.ar; name = "libPods-RestKit.a"; path = "Pods/build/Debug-iphoneos/libPods-RestKit.a"; sourceTree = "<group>"; };
		2C38A05519CBD9CC00114C6F /* libPods-RKValueTransformers.a */ = {isa = PBXFileReference; lastKnownFileType = archive.ar; name = "libPods-RKValueTransformers.a"; path = "Pods/build/Debug-iphoneos/libPods-RKValueTransformers.a"; sourceTree = "<group>"; };
		2C38A05619CBD9CC00114C6F /* libPods-SOCKit.a */ = {isa = PBXFileReference; lastKnownFileType = archive.ar; name = "libPods-SOCKit.a"; path = "Pods/build/Debug-iphoneos/libPods-SOCKit.a"; sourceTree = "<group>"; };
		2C38A05719CBD9CC00114C6F /* libPods-TransitionKit.a */ = {isa = PBXFileReference; lastKnownFileType = archive.ar; name = "libPods-TransitionKit.a"; path = "Pods/build/Debug-iphoneos/libPods-TransitionKit.a"; sourceTree = "<group>"; };
		2C38A05819CBD9CC00114C6F /* libPods-UIColor-HexString.a */ = {isa = PBXFileReference; lastKnownFileType = archive.ar; name = "libPods-UIColor-HexString.a"; path = "Pods/build/Debug-iphoneos/libPods-UIColor-HexString.a"; sourceTree = "<group>"; };
		2C38A06D19CBDC5000114C6F /* CalendarEvent.h */ = {isa = PBXFileReference; fileEncoding = 4; lastKnownFileType = sourcecode.c.h; path = CalendarEvent.h; sourceTree = "<group>"; };
		2C38A06E19CBDC5000114C6F /* CalendarEvent.m */ = {isa = PBXFileReference; fileEncoding = 4; lastKnownFileType = sourcecode.c.objc; path = CalendarEvent.m; sourceTree = "<group>"; };
		2C65933C19AED13500C303B5 /* StudyGuideSelectViewController.h */ = {isa = PBXFileReference; fileEncoding = 4; lastKnownFileType = sourcecode.c.h; path = StudyGuideSelectViewController.h; sourceTree = "<group>"; };
		2C65933D19AED13500C303B5 /* StudyGuideSelectViewController.m */ = {isa = PBXFileReference; fileEncoding = 4; lastKnownFileType = sourcecode.c.objc; path = StudyGuideSelectViewController.m; sourceTree = "<group>"; };
		2C65933F19AF870C00C303B5 /* StudyGuideViewController.h */ = {isa = PBXFileReference; fileEncoding = 4; lastKnownFileType = sourcecode.c.h; path = StudyGuideViewController.h; sourceTree = "<group>"; };
		2C65934019AF870C00C303B5 /* StudyGuideViewController.m */ = {isa = PBXFileReference; fileEncoding = 4; lastKnownFileType = sourcecode.c.objc; path = StudyGuideViewController.m; sourceTree = "<group>"; };
		2C65934419AFA34200C303B5 /* www */ = {isa = PBXFileReference; lastKnownFileType = folder; path = www; sourceTree = "<group>"; };
		2C65934619AFA3C100C303B5 /* QuotesViewController.h */ = {isa = PBXFileReference; fileEncoding = 4; lastKnownFileType = sourcecode.c.h; name = QuotesViewController.h; path = ../QuotesViewController.h; sourceTree = "<group>"; };
		2C65934719AFA3C100C303B5 /* QuotesViewController.m */ = {isa = PBXFileReference; fileEncoding = 4; lastKnownFileType = sourcecode.c.objc; name = QuotesViewController.m; path = ../QuotesViewController.m; sourceTree = "<group>"; };
		2C65934919B22E3000C303B5 /* Social.framework */ = {isa = PBXFileReference; lastKnownFileType = wrapper.framework; name = Social.framework; path = System/Library/Frameworks/Social.framework; sourceTree = SDKROOT; };
		2C6D52B5198BE1D10044705A /* Mountain View Girls Camp.app */ = {isa = PBXFileReference; explicitFileType = wrapper.application; includeInIndex = 0; path = "Mountain View Girls Camp.app"; sourceTree = BUILT_PRODUCTS_DIR; };
		2C6D52B8198BE1D20044705A /* Foundation.framework */ = {isa = PBXFileReference; lastKnownFileType = wrapper.framework; name = Foundation.framework; path = System/Library/Frameworks/Foundation.framework; sourceTree = SDKROOT; };
		2C6D52BA198BE1D20044705A /* CoreGraphics.framework */ = {isa = PBXFileReference; lastKnownFileType = wrapper.framework; name = CoreGraphics.framework; path = System/Library/Frameworks/CoreGraphics.framework; sourceTree = SDKROOT; };
		2C6D52BC198BE1D20044705A /* UIKit.framework */ = {isa = PBXFileReference; lastKnownFileType = wrapper.framework; name = UIKit.framework; path = System/Library/Frameworks/UIKit.framework; sourceTree = SDKROOT; };
		2C6D52C0198BE1D20044705A /* Mountain View Girls Camp-Info.plist */ = {isa = PBXFileReference; lastKnownFileType = text.plist.xml; path = "Mountain View Girls Camp-Info.plist"; sourceTree = "<group>"; };
		2C6D52C2198BE1D20044705A /* en */ = {isa = PBXFileReference; lastKnownFileType = text.plist.strings; name = en; path = en.lproj/InfoPlist.strings; sourceTree = "<group>"; };
		2C6D52C4198BE1D20044705A /* main.m */ = {isa = PBXFileReference; lastKnownFileType = sourcecode.c.objc; path = main.m; sourceTree = "<group>"; };
		2C6D52C6198BE1D20044705A /* Mountain View Girls Camp-Prefix.pch */ = {isa = PBXFileReference; lastKnownFileType = sourcecode.c.h; path = "Mountain View Girls Camp-Prefix.pch"; sourceTree = "<group>"; };
		2C6D52C7198BE1D20044705A /* AppDelegate.h */ = {isa = PBXFileReference; lastKnownFileType = sourcecode.c.h; path = AppDelegate.h; sourceTree = "<group>"; };
		2C6D52C8198BE1D20044705A /* AppDelegate.m */ = {isa = PBXFileReference; lastKnownFileType = sourcecode.c.objc; path = AppDelegate.m; sourceTree = "<group>"; };
		2C6D52CB198BE1D20044705A /* Base */ = {isa = PBXFileReference; lastKnownFileType = file.storyboard; name = Base; path = Base.lproj/Main.storyboard; sourceTree = "<group>"; };
		2C6D52CD198BE1D20044705A /* ViewController.h */ = {isa = PBXFileReference; lastKnownFileType = sourcecode.c.h; path = ViewController.h; sourceTree = "<group>"; };
		2C6D52CE198BE1D20044705A /* ViewController.m */ = {isa = PBXFileReference; lastKnownFileType = sourcecode.c.objc; path = ViewController.m; sourceTree = "<group>"; };
		2C6D52D0198BE1D20044705A /* Images.xcassets */ = {isa = PBXFileReference; lastKnownFileType = folder.assetcatalog; path = Images.xcassets; sourceTree = "<group>"; };
		2C6D52D6198BE1D20044705A /* Mountain View Girls CampTests.xctest */ = {isa = PBXFileReference; explicitFileType = wrapper.cfbundle; includeInIndex = 0; path = "Mountain View Girls CampTests.xctest"; sourceTree = BUILT_PRODUCTS_DIR; };
		2C6D52D7198BE1D20044705A /* XCTest.framework */ = {isa = PBXFileReference; lastKnownFileType = wrapper.framework; name = XCTest.framework; path = Library/Frameworks/XCTest.framework; sourceTree = DEVELOPER_DIR; };
		2C6D52DF198BE1D20044705A /* Mountain View Girls CampTests-Info.plist */ = {isa = PBXFileReference; lastKnownFileType = text.plist.xml; path = "Mountain View Girls CampTests-Info.plist"; sourceTree = "<group>"; };
		2C6D52E1198BE1D20044705A /* en */ = {isa = PBXFileReference; lastKnownFileType = text.plist.strings; name = en; path = en.lproj/InfoPlist.strings; sourceTree = "<group>"; };
		2C6D52E3198BE1D20044705A /* Mountain_View_Girls_CampTests.m */ = {isa = PBXFileReference; lastKnownFileType = sourcecode.c.objc; path = Mountain_View_Girls_CampTests.m; sourceTree = "<group>"; };
		2C6D52EE198BE21C0044705A /* bg_cork.png */ = {isa = PBXFileReference; lastKnownFileType = image.png; path = bg_cork.png; sourceTree = "<group>"; };
		2C6D52EF198BE21C0044705A /* bg_cork@2x.png */ = {isa = PBXFileReference; lastKnownFileType = image.png; path = "bg_cork@2x.png"; sourceTree = "<group>"; };
		2C6D52F0198BE21C0044705A /* button.png */ = {isa = PBXFileReference; lastKnownFileType = image.png; path = button.png; sourceTree = "<group>"; };
		2C6D52F1198BE21C0044705A /* button@2x.png */ = {isa = PBXFileReference; lastKnownFileType = image.png; path = "button@2x.png"; sourceTree = "<group>"; };
		2C6D52F2198BE21C0044705A /* decoration_snail.png */ = {isa = PBXFileReference; lastKnownFileType = image.png; path = decoration_snail.png; sourceTree = "<group>"; };
		2C6D52F3198BE21C0044705A /* decoration_snail@2x.png */ = {isa = PBXFileReference; lastKnownFileType = image.png; path = "decoration_snail@2x.png"; sourceTree = "<group>"; };
		2C6D52F4198BE21C0044705A /* divider_bar.png */ = {isa = PBXFileReference; lastKnownFileType = image.png; path = divider_bar.png; sourceTree = "<group>"; };
		2C6D52F5198BE21C0044705A /* divider_bar@2x.png */ = {isa = PBXFileReference; lastKnownFileType = image.png; path = "divider_bar@2x.png"; sourceTree = "<group>"; };
		2C6D52F6198BE21C0044705A /* header_bg.png */ = {isa = PBXFileReference; lastKnownFileType = image.png; path = header_bg.png; sourceTree = "<group>"; };
		2C6D52F7198BE21C0044705A /* header_bg@2x.png */ = {isa = PBXFileReference; lastKnownFileType = image.png; path = "header_bg@2x.png"; sourceTree = "<group>"; };
		2C6D52F8198BE21C0044705A /* navbar.png */ = {isa = PBXFileReference; lastKnownFileType = image.png; path = navbar.png; sourceTree = "<group>"; };
		2C6D52F9198BE21C0044705A /* navbar@2x.png */ = {isa = PBXFileReference; lastKnownFileType = image.png; path = "navbar@2x.png"; sourceTree = "<group>"; };
		2C6D52FA198BE21C0044705A /* polaroid1_border.png */ = {isa = PBXFileReference; lastKnownFileType = image.png; path = polaroid1_border.png; sourceTree = "<group>"; };
		2C6D52FB198BE21C0044705A /* polaroid1_border@2x.png */ = {isa = PBXFileReference; lastKnownFileType = image.png; path = "polaroid1_border@2x.png"; sourceTree = "<group>"; };
		2C6D52FC198BE21C0044705A /* pushpin.png */ = {isa = PBXFileReference; lastKnownFileType = image.png; path = pushpin.png; sourceTree = "<group>"; };
		2C6D52FD198BE21C0044705A /* pushpin@2x.png */ = {isa = PBXFileReference; lastKnownFileType = image.png; path = "pushpin@2x.png"; sourceTree = "<group>"; };
		2C6D52FE198BE21C0044705A /* search_field.png */ = {isa = PBXFileReference; lastKnownFileType = image.png; path = search_field.png; sourceTree = "<group>"; };
		2C6D52FF198BE21C0044705A /* search_field@2x.png */ = {isa = PBXFileReference; lastKnownFileType = image.png; path = "search_field@2x.png"; sourceTree = "<group>"; };
		2C6D5300198BE21C0044705A /* search_text.png */ = {isa = PBXFileReference; lastKnownFileType = image.png; path = search_text.png; sourceTree = "<group>"; };
		2C6D5301198BE21C0044705A /* search_text@2x.png */ = {isa = PBXFileReference; lastKnownFileType = image.png; path = "search_text@2x.png"; sourceTree = "<group>"; };
		2C6D5316198C641A0044705A /* Flickr.h */ = {isa = PBXFileReference; fileEncoding = 4; lastKnownFileType = sourcecode.c.h; name = Flickr.h; path = ../Flickr.h; sourceTree = "<group>"; };
		2C6D5317198C641A0044705A /* Flickr.m */ = {isa = PBXFileReference; fileEncoding = 4; lastKnownFileType = sourcecode.c.objc; name = Flickr.m; path = ../Flickr.m; sourceTree = "<group>"; };
		2C6D5318198C641A0044705A /* FlickrPhoto.h */ = {isa = PBXFileReference; fileEncoding = 4; lastKnownFileType = sourcecode.c.h; name = FlickrPhoto.h; path = ../FlickrPhoto.h; sourceTree = "<group>"; };
		2C6D5319198C641A0044705A /* FlickrPhoto.m */ = {isa = PBXFileReference; fileEncoding = 4; lastKnownFileType = sourcecode.c.objc; name = FlickrPhoto.m; path = ../FlickrPhoto.m; sourceTree = "<group>"; };
		2C6D531D198FC6050044705A /* FlickrPhotoCell.h */ = {isa = PBXFileReference; fileEncoding = 4; lastKnownFileType = sourcecode.c.h; path = FlickrPhotoCell.h; sourceTree = "<group>"; };
		2C6D531E198FC6050044705A /* FlickrPhotoCell.m */ = {isa = PBXFileReference; fileEncoding = 4; lastKnownFileType = sourcecode.c.objc; path = FlickrPhotoCell.m; sourceTree = "<group>"; };
		2C6D532019903F060044705A /* FlickrPhotoHeaderView.h */ = {isa = PBXFileReference; fileEncoding = 4; lastKnownFileType = sourcecode.c.h; path = FlickrPhotoHeaderView.h; sourceTree = "<group>"; };
		2C6D532119903F060044705A /* FlickrPhotoHeaderView.m */ = {isa = PBXFileReference; fileEncoding = 4; lastKnownFileType = sourcecode.c.objc; path = FlickrPhotoHeaderView.m; sourceTree = "<group>"; };
		2C6D5323199084FB0044705A /* FlickrPhotoViewController.h */ = {isa = PBXFileReference; fileEncoding = 4; lastKnownFileType = sourcecode.c.h; path = FlickrPhotoViewController.h; sourceTree = "<group>"; };
		2C6D5324199084FB0044705A /* FlickrPhotoViewController.m */ = {isa = PBXFileReference; fileEncoding = 4; lastKnownFileType = sourcecode.c.objc; path = FlickrPhotoViewController.m; sourceTree = "<group>"; };
		2C6D5336199324D40044705A /* MessageUI.framework */ = {isa = PBXFileReference; lastKnownFileType = wrapper.framework; name = MessageUI.framework; path = System/Library/Frameworks/MessageUI.framework; sourceTree = SDKROOT; };
		2C84A61219CD0B79002DAEBD /* CalendarEventViewCell.h */ = {isa = PBXFileReference; fileEncoding = 4; lastKnownFileType = sourcecode.c.h; path = CalendarEventViewCell.h; sourceTree = "<group>"; };
		2C84A61319CD0B79002DAEBD /* CalendarEventViewCell.m */ = {isa = PBXFileReference; fileEncoding = 4; lastKnownFileType = sourcecode.c.objc; path = CalendarEventViewCell.m; sourceTree = "<group>"; };
		2C84A61619CD182F002DAEBD /* CalendarDayColumnHeader.h */ = {isa = PBXFileReference; fileEncoding = 4; lastKnownFileType = sourcecode.c.h; path = CalendarDayColumnHeader.h; sourceTree = "<group>"; };
		2C84A61719CD182F002DAEBD /* CalendarDayColumnHeader.m */ = {isa = PBXFileReference; fileEncoding = 4; lastKnownFileType = sourcecode.c.objc; path = CalendarDayColumnHeader.m; sourceTree = "<group>"; };
		2CEC936519BA303600B33A7E /* AppIcon29x29.png */ = {isa = PBXFileReference; lastKnownFileType = image.png; path = AppIcon29x29.png; sourceTree = "<group>"; };
		2CEC936619BA303600B33A7E /* AppIcon29x29@2x.png */ = {isa = PBXFileReference; lastKnownFileType = image.png; path = "AppIcon29x29@2x.png"; sourceTree = "<group>"; };
		2CEC936719BA303600B33A7E /* AppIcon40x40.png */ = {isa = PBXFileReference; lastKnownFileType = image.png; path = AppIcon40x40.png; sourceTree = "<group>"; };
		2CEC936819BA303600B33A7E /* AppIcon40x40@2x.png */ = {isa = PBXFileReference; lastKnownFileType = image.png; path = "AppIcon40x40@2x.png"; sourceTree = "<group>"; };
		2CEC936919BA303600B33A7E /* AppIcon50x50.png */ = {isa = PBXFileReference; lastKnownFileType = image.png; path = AppIcon50x50.png; sourceTree = "<group>"; };
		2CEC936A19BA303600B33A7E /* AppIcon50x50@2x.png */ = {isa = PBXFileReference; lastKnownFileType = image.png; path = "AppIcon50x50@2x.png"; sourceTree = "<group>"; };
		2CEC936B19BA303600B33A7E /* AppIcon57x57.png */ = {isa = PBXFileReference; lastKnownFileType = image.png; path = AppIcon57x57.png; sourceTree = "<group>"; };
		2CEC936C19BA303600B33A7E /* AppIcon57x57@2x.png */ = {isa = PBXFileReference; lastKnownFileType = image.png; path = "AppIcon57x57@2x.png"; sourceTree = "<group>"; };
		2CEC936D19BA303600B33A7E /* AppIcon60x60.png */ = {isa = PBXFileReference; lastKnownFileType = image.png; path = AppIcon60x60.png; sourceTree = "<group>"; };
		2CEC936E19BA303600B33A7E /* AppIcon60x60@2x.png */ = {isa = PBXFileReference; lastKnownFileType = image.png; path = "AppIcon60x60@2x.png"; sourceTree = "<group>"; };
		2CEC936F19BA303600B33A7E /* AppIcon72x72.png */ = {isa = PBXFileReference; lastKnownFileType = image.png; path = AppIcon72x72.png; sourceTree = "<group>"; };
		2CEC937019BA303600B33A7E /* AppIcon72x72@2x.png */ = {isa = PBXFileReference; lastKnownFileType = image.png; path = "AppIcon72x72@2x.png"; sourceTree = "<group>"; };
		2CEC937119BA303600B33A7E /* AppIcon76x76.png */ = {isa = PBXFileReference; lastKnownFileType = image.png; path = AppIcon76x76.png; sourceTree = "<group>"; };
		2CEC937219BA303600B33A7E /* AppIcon76x76@2x.png */ = {isa = PBXFileReference; lastKnownFileType = image.png; path = "AppIcon76x76@2x.png"; sourceTree = "<group>"; };
		2CEC937319BA303600B33A7E /* iTunesArtwork.png */ = {isa = PBXFileReference; lastKnownFileType = image.png; path = iTunesArtwork.png; sourceTree = "<group>"; };
		2CEC937419BA303600B33A7E /* iTunesArtwork@2x.png */ = {isa = PBXFileReference; lastKnownFileType = image.png; path = "iTunesArtwork@2x.png"; sourceTree = "<group>"; };
		2CF50EDC19CDE7EA00A95A95 /* CalendarTimeRowHeader.h */ = {isa = PBXFileReference; fileEncoding = 4; lastKnownFileType = sourcecode.c.h; path = CalendarTimeRowHeader.h; sourceTree = "<group>"; };
		2CF50EDD19CDE7EA00A95A95 /* CalendarTimeRowHeader.m */ = {isa = PBXFileReference; fileEncoding = 4; lastKnownFileType = sourcecode.c.objc; path = CalendarTimeRowHeader.m; sourceTree = "<group>"; };
		2CF50EE519D116B100A95A95 /* TriviaQuestion.h */ = {isa = PBXFileReference; fileEncoding = 4; lastKnownFileType = sourcecode.c.h; path = TriviaQuestion.h; sourceTree = "<group>"; };
		2CF50EE619D116B100A95A95 /* TriviaQuestion.m */ = {isa = PBXFileReference; fileEncoding = 4; lastKnownFileType = sourcecode.c.objc; path = TriviaQuestion.m; sourceTree = "<group>"; };
		2CF50EEB19D11B6E00A95A95 /* trivia.txt */ = {isa = PBXFileReference; fileEncoding = 4; lastKnownFileType = text; path = trivia.txt; sourceTree = "<group>"; };
		2CF50EED19D11F1800A95A95 /* TriviaViewController.h */ = {isa = PBXFileReference; fileEncoding = 4; lastKnownFileType = sourcecode.c.h; path = TriviaViewController.h; sourceTree = "<group>"; };
		2CF50EEE19D11F1800A95A95 /* TriviaViewController.m */ = {isa = PBXFileReference; fileEncoding = 4; lastKnownFileType = sourcecode.c.objc; path = TriviaViewController.m; sourceTree = "<group>"; };
		E631DF62523A414C8D2DA0E7 /* libPods.a */ = {isa = PBXFileReference; explicitFileType = archive.ar; includeInIndex = 0; path = libPods.a; sourceTree = BUILT_PRODUCTS_DIR; };
		FB09571223DF43A39D7DAD60 /* Pods.xcconfig */ = {isa = PBXFileReference; includeInIndex = 1; lastKnownFileType = text.xcconfig; name = Pods.xcconfig; path = Pods/Pods.xcconfig; sourceTree = "<group>"; };
/* End PBXFileReference section */

/* Begin PBXFrameworksBuildPhase section */
		2C6D52B2198BE1D10044705A /* Frameworks */ = {
			isa = PBXFrameworksBuildPhase;
			buildActionMask = 2147483647;
			files = (
				C4094C5451864EF88CDD351C /* libPods.a in Frameworks */,
				2C6D5337199324D40044705A /* MessageUI.framework in Frameworks */,
				2C6D52BB198BE1D20044705A /* CoreGraphics.framework in Frameworks */,
				2C6D52BD198BE1D20044705A /* UIKit.framework in Frameworks */,
				2C6D52B9198BE1D20044705A /* Foundation.framework in Frameworks */,
			);
			runOnlyForDeploymentPostprocessing = 0;
		};
		2C6D52D3198BE1D20044705A /* Frameworks */ = {
			isa = PBXFrameworksBuildPhase;
			buildActionMask = 2147483647;
			files = (
				2C6D52D8198BE1D20044705A /* XCTest.framework in Frameworks */,
				2C6D52DA198BE1D20044705A /* UIKit.framework in Frameworks */,
				2C6D52D9198BE1D20044705A /* Foundation.framework in Frameworks */,
			);
			runOnlyForDeploymentPostprocessing = 0;
		};
/* End PBXFrameworksBuildPhase section */

/* Begin PBXGroup section */
		2C38A04719C90C6D00114C6F /* Helpers */ = {
			isa = PBXGroup;
			children = (
				2C6D532019903F060044705A /* FlickrPhotoHeaderView.h */,
				2C6D532119903F060044705A /* FlickrPhotoHeaderView.m */,
				2C0C773C19AAA5550016A1C5 /* FlickrAlbumCell.h */,
				2C0C773D19AAA5550016A1C5 /* FlickrAlbumCell.m */,
				2C6D531D198FC6050044705A /* FlickrPhotoCell.h */,
				2C6D531E198FC6050044705A /* FlickrPhotoCell.m */,
				2C38A06D19CBDC5000114C6F /* CalendarEvent.h */,
				2C38A06E19CBDC5000114C6F /* CalendarEvent.m */,
				2C84A61219CD0B79002DAEBD /* CalendarEventViewCell.h */,
				2C84A61319CD0B79002DAEBD /* CalendarEventViewCell.m */,
				2C84A61619CD182F002DAEBD /* CalendarDayColumnHeader.h */,
				2C84A61719CD182F002DAEBD /* CalendarDayColumnHeader.m */,
				2CF50EDC19CDE7EA00A95A95 /* CalendarTimeRowHeader.h */,
				2CF50EDD19CDE7EA00A95A95 /* CalendarTimeRowHeader.m */,
				2CF50EE519D116B100A95A95 /* TriviaQuestion.h */,
				2CF50EE619D116B100A95A95 /* TriviaQuestion.m */,
			);
			name = Helpers;
			sourceTree = "<group>";
		};
		2C38A04819C90C9B00114C6F /* ViewControllers */ = {
			isa = PBXGroup;
			children = (
				2C0C773619A9731D0016A1C5 /* InitialPageViewController.h */,
				2C0C773719A9731D0016A1C5 /* InitialPageViewController.m */,
				2C65933C19AED13500C303B5 /* StudyGuideSelectViewController.h */,
				2C65933D19AED13500C303B5 /* StudyGuideSelectViewController.m */,
				2C65933F19AF870C00C303B5 /* StudyGuideViewController.h */,
				2C65934019AF870C00C303B5 /* StudyGuideViewController.m */,
				2C0C773919A97D000016A1C5 /* AlbumSelectViewController.h */,
				2C0C773A19A97D000016A1C5 /* AlbumSelectViewController.m */,
				2C6D52CD198BE1D20044705A /* ViewController.h */,
				2C6D52CE198BE1D20044705A /* ViewController.m */,
				2C6D5323199084FB0044705A /* FlickrPhotoViewController.h */,
				2C6D5324199084FB0044705A /* FlickrPhotoViewController.m */,
				2C65934619AFA3C100C303B5 /* QuotesViewController.h */,
				2C65934719AFA3C100C303B5 /* QuotesViewController.m */,
				2C38A04919C93E0D00114C6F /* CalendarViewController.h */,
				2C38A04A19C93E0D00114C6F /* CalendarViewController.m */,
				2CF50EED19D11F1800A95A95 /* TriviaViewController.h */,
				2CF50EEE19D11F1800A95A95 /* TriviaViewController.m */,
			);
			name = ViewControllers;
			sourceTree = "<group>";
		};
		2C6D52AC198BE1D10044705A = {
			isa = PBXGroup;
			children = (
				2CF50EEB19D11B6E00A95A95 /* trivia.txt */,
				2C65934419AFA34200C303B5 /* www */,
				2C6D52BE198BE1D20044705A /* Mountain View Girls Camp */,
				2C6D52DD198BE1D20044705A /* Mountain View Girls CampTests */,
				2C6D52B7198BE1D10044705A /* Frameworks */,
				2C6D52B6198BE1D10044705A /* Products */,
				2C6D52ED198BE21C0044705A /* Assets */,
				FB09571223DF43A39D7DAD60 /* Pods.xcconfig */,
			);
			sourceTree = "<group>";
		};
		2C6D52B6198BE1D10044705A /* Products */ = {
			isa = PBXGroup;
			children = (
				2C6D52B5198BE1D10044705A /* Mountain View Girls Camp.app */,
				2C6D52D6198BE1D20044705A /* Mountain View Girls CampTests.xctest */,
			);
			name = Products;
			sourceTree = "<group>";
		};
		2C6D52B7198BE1D10044705A /* Frameworks */ = {
			isa = PBXGroup;
			children = (
				2C38A04F19CBD9CC00114C6F /* libPods-AFNetworking.a */,
				2C38A05019CBD9CC00114C6F /* libPods-CupertinoYankee.a */,
				2C38A05119CBD9CC00114C6F /* libPods-ISO8601DateFormatterValueTransformer.a */,
				2C38A05219CBD9CC00114C6F /* libPods-Masonry.a */,
				2C38A05319CBD9CC00114C6F /* libPods-MSCollectionViewCalendarLayout.a */,
				2C38A05419CBD9CC00114C6F /* libPods-RestKit.a */,
				2C38A05519CBD9CC00114C6F /* libPods-RKValueTransformers.a */,
				2C38A05619CBD9CC00114C6F /* libPods-SOCKit.a */,
				2C38A05719CBD9CC00114C6F /* libPods-TransitionKit.a */,
				2C38A05819CBD9CC00114C6F /* libPods-UIColor-HexString.a */,
				2C38A04C19C93EB100114C6F /* libPods-MSCollectionViewCalendarLayout.a */,
				2C65934919B22E3000C303B5 /* Social.framework */,
				2C6D5336199324D40044705A /* MessageUI.framework */,
				2C6D52B8198BE1D20044705A /* Foundation.framework */,
				2C6D52BA198BE1D20044705A /* CoreGraphics.framework */,
				2C6D52BC198BE1D20044705A /* UIKit.framework */,
				2C6D52D7198BE1D20044705A /* XCTest.framework */,
				E631DF62523A414C8D2DA0E7 /* libPods.a */,
			);
			name = Frameworks;
			sourceTree = "<group>";
		};
		2C6D52BE198BE1D20044705A /* Mountain View Girls Camp */ = {
			isa = PBXGroup;
			children = (
				2C38A04819C90C9B00114C6F /* ViewControllers */,
				2C38A04719C90C6D00114C6F /* Helpers */,
				2C6D531C198C643D0044705A /* Flickr */,
				2C6D52C7198BE1D20044705A /* AppDelegate.h */,
				2C6D52C8198BE1D20044705A /* AppDelegate.m */,
				2C6D52CA198BE1D20044705A /* Main.storyboard */,
				2C6D52D0198BE1D20044705A /* Images.xcassets */,
				2C6D52BF198BE1D20044705A /* Supporting Files */,
			);
			path = "Mountain View Girls Camp";
			sourceTree = "<group>";
		};
		2C6D52BF198BE1D20044705A /* Supporting Files */ = {
			isa = PBXGroup;
			children = (
				2C6D52C0198BE1D20044705A /* Mountain View Girls Camp-Info.plist */,
				2C6D52C1198BE1D20044705A /* InfoPlist.strings */,
				2C6D52C4198BE1D20044705A /* main.m */,
				2C6D52C6198BE1D20044705A /* Mountain View Girls Camp-Prefix.pch */,
			);
			name = "Supporting Files";
			sourceTree = "<group>";
		};
		2C6D52DD198BE1D20044705A /* Mountain View Girls CampTests */ = {
			isa = PBXGroup;
			children = (
				2C6D52E3198BE1D20044705A /* Mountain_View_Girls_CampTests.m */,
				2C6D52DE198BE1D20044705A /* Supporting Files */,
			);
			path = "Mountain View Girls CampTests";
			sourceTree = "<group>";
		};
		2C6D52DE198BE1D20044705A /* Supporting Files */ = {
			isa = PBXGroup;
			children = (
				2C6D52DF198BE1D20044705A /* Mountain View Girls CampTests-Info.plist */,
				2C6D52E0198BE1D20044705A /* InfoPlist.strings */,
			);
			name = "Supporting Files";
			sourceTree = "<group>";
		};
		2C6D52ED198BE21C0044705A /* Assets */ = {
			isa = PBXGroup;
			children = (
				2CEC936519BA303600B33A7E /* AppIcon29x29.png */,
				2CEC936619BA303600B33A7E /* AppIcon29x29@2x.png */,
				2CEC936719BA303600B33A7E /* AppIcon40x40.png */,
				2CEC936819BA303600B33A7E /* AppIcon40x40@2x.png */,
				2CEC936919BA303600B33A7E /* AppIcon50x50.png */,
				2CEC936A19BA303600B33A7E /* AppIcon50x50@2x.png */,
				2CEC936B19BA303600B33A7E /* AppIcon57x57.png */,
				2CEC936C19BA303600B33A7E /* AppIcon57x57@2x.png */,
				2CEC936D19BA303600B33A7E /* AppIcon60x60.png */,
				2CEC936E19BA303600B33A7E /* AppIcon60x60@2x.png */,
				2CEC936F19BA303600B33A7E /* AppIcon72x72.png */,
				2CEC937019BA303600B33A7E /* AppIcon72x72@2x.png */,
				2CEC937119BA303600B33A7E /* AppIcon76x76.png */,
				2CEC937219BA303600B33A7E /* AppIcon76x76@2x.png */,
				2CEC937319BA303600B33A7E /* iTunesArtwork.png */,
				2CEC937419BA303600B33A7E /* iTunesArtwork@2x.png */,
				2C6D52EE198BE21C0044705A /* bg_cork.png */,
				2C6D52EF198BE21C0044705A /* bg_cork@2x.png */,
				2C6D52F0198BE21C0044705A /* button.png */,
				2C6D52F1198BE21C0044705A /* button@2x.png */,
				2C6D52F2198BE21C0044705A /* decoration_snail.png */,
				2C6D52F3198BE21C0044705A /* decoration_snail@2x.png */,
				2C6D52F4198BE21C0044705A /* divider_bar.png */,
				2C6D52F5198BE21C0044705A /* divider_bar@2x.png */,
				2C6D52F6198BE21C0044705A /* header_bg.png */,
				2C6D52F7198BE21C0044705A /* header_bg@2x.png */,
				2C6D52F8198BE21C0044705A /* navbar.png */,
				2C6D52F9198BE21C0044705A /* navbar@2x.png */,
				2C6D52FA198BE21C0044705A /* polaroid1_border.png */,
				2C6D52FB198BE21C0044705A /* polaroid1_border@2x.png */,
				2C6D52FC198BE21C0044705A /* pushpin.png */,
				2C6D52FD198BE21C0044705A /* pushpin@2x.png */,
				2C6D52FE198BE21C0044705A /* search_field.png */,
				2C6D52FF198BE21C0044705A /* search_field@2x.png */,
				2C6D5300198BE21C0044705A /* search_text.png */,
				2C6D5301198BE21C0044705A /* search_text@2x.png */,
			);
			path = Assets;
			sourceTree = "<group>";
		};
		2C6D531C198C643D0044705A /* Flickr */ = {
			isa = PBXGroup;
			children = (
				2C6D5316198C641A0044705A /* Flickr.h */,
				2C6D5317198C641A0044705A /* Flickr.m */,
				2C6D5318198C641A0044705A /* FlickrPhoto.h */,
				2C6D5319198C641A0044705A /* FlickrPhoto.m */,
			);
			name = Flickr;
			sourceTree = "<group>";
		};
/* End PBXGroup section */

/* Begin PBXNativeTarget section */
		2C6D52B4198BE1D10044705A /* Mountain View Girls Camp */ = {
			isa = PBXNativeTarget;
			buildConfigurationList = 2C6D52E7198BE1D20044705A /* Build configuration list for PBXNativeTarget "Mountain View Girls Camp" */;
			buildPhases = (
				A83474AC8BA54067A262FC5E /* Check Pods Manifest.lock */,
				2C6D52B1198BE1D10044705A /* Sources */,
				2C6D52B2198BE1D10044705A /* Frameworks */,
				2C6D52B3198BE1D10044705A /* Resources */,
				83D113551A84422480346445 /* Copy Pods Resources */,
			);
			buildRules = (
			);
			dependencies = (
			);
			name = "Mountain View Girls Camp";
			productName = "Mountain View Girls Camp";
			productReference = 2C6D52B5198BE1D10044705A /* Mountain View Girls Camp.app */;
			productType = "com.apple.product-type.application";
		};
		2C6D52D5198BE1D20044705A /* Mountain View Girls CampTests */ = {
			isa = PBXNativeTarget;
			buildConfigurationList = 2C6D52EA198BE1D20044705A /* Build configuration list for PBXNativeTarget "Mountain View Girls CampTests" */;
			buildPhases = (
				2C6D52D2198BE1D20044705A /* Sources */,
				2C6D52D3198BE1D20044705A /* Frameworks */,
				2C6D52D4198BE1D20044705A /* Resources */,
			);
			buildRules = (
			);
			dependencies = (
				2C6D52DC198BE1D20044705A /* PBXTargetDependency */,
			);
			name = "Mountain View Girls CampTests";
			productName = "Mountain View Girls CampTests";
			productReference = 2C6D52D6198BE1D20044705A /* Mountain View Girls CampTests.xctest */;
			productType = "com.apple.product-type.bundle.unit-test";
		};
/* End PBXNativeTarget section */

/* Begin PBXProject section */
		2C6D52AD198BE1D10044705A /* Project object */ = {
			isa = PBXProject;
			attributes = {
				LastUpgradeCheck = 0510;
				ORGANIZATIONNAME = "___FULLUSERNAME___";
				TargetAttributes = {
					2C6D52B4198BE1D10044705A = {
						DevelopmentTeam = 8487F93QYP;
					};
					2C6D52D5198BE1D20044705A = {
						TestTargetID = 2C6D52B4198BE1D10044705A;
					};
				};
			};
			buildConfigurationList = 2C6D52B0198BE1D10044705A /* Build configuration list for PBXProject "Mountain View Girls Camp" */;
			compatibilityVersion = "Xcode 3.2";
			developmentRegion = English;
			hasScannedForEncodings = 0;
			knownRegions = (
				en,
				Base,
			);
			mainGroup = 2C6D52AC198BE1D10044705A;
			productRefGroup = 2C6D52B6198BE1D10044705A /* Products */;
			projectDirPath = "";
			projectRoot = "";
			targets = (
				2C6D52B4198BE1D10044705A /* Mountain View Girls Camp */,
				2C6D52D5198BE1D20044705A /* Mountain View Girls CampTests */,
			);
		};
/* End PBXProject section */

/* Begin PBXResourcesBuildPhase section */
		2C6D52B3198BE1D10044705A /* Resources */ = {
			isa = PBXResourcesBuildPhase;
			buildActionMask = 2147483647;
			files = (
				2C65934519AFA34200C303B5 /* www in Resources */,
				2C6D52D1198BE1D20044705A /* Images.xcassets in Resources */,
				2CEC937E19BA303600B33A7E /* AppIcon60x60@2x.png in Resources */,
				2CEC937819BA303600B33A7E /* AppIcon40x40@2x.png in Resources */,
				2CEC937519BA303600B33A7E /* AppIcon29x29.png in Resources */,
				2C6D5304198BE21C0044705A /* button.png in Resources */,
				2C6D5307198BE21C0044705A /* decoration_snail@2x.png in Resources */,
				2C6D5302198BE21C0044705A /* bg_cork.png in Resources */,
				2C6D5303198BE21C0044705A /* bg_cork@2x.png in Resources */,
				2CEC937A19BA303600B33A7E /* AppIcon50x50@2x.png in Resources */,
				2C6D5313198BE21C0044705A /* search_field@2x.png in Resources */,
				2CEC938419BA303600B33A7E /* iTunesArtwork@2x.png in Resources */,
				2CEC937D19BA303600B33A7E /* AppIcon60x60.png in Resources */,
				2CF50EEC19D11B6E00A95A95 /* trivia.txt in Resources */,
				2CEC937C19BA303600B33A7E /* AppIcon57x57@2x.png in Resources */,
				2C6D530C198BE21C0044705A /* navbar.png in Resources */,
				2CEC937919BA303600B33A7E /* AppIcon50x50.png in Resources */,
				2C6D52C3198BE1D20044705A /* InfoPlist.strings in Resources */,
				2CEC937719BA303600B33A7E /* AppIcon40x40.png in Resources */,
				2C6D5309198BE21C0044705A /* divider_bar@2x.png in Resources */,
				2C6D5306198BE21C0044705A /* decoration_snail.png in Resources */,
				2C6D5308198BE21C0044705A /* divider_bar.png in Resources */,
				2CEC938219BA303600B33A7E /* AppIcon76x76@2x.png in Resources */,
				2CEC937F19BA303600B33A7E /* AppIcon72x72.png in Resources */,
				2C6D530F198BE21C0044705A /* polaroid1_border@2x.png in Resources */,
				2C6D5314198BE21C0044705A /* search_text.png in Resources */,
				2C6D530B198BE21C0044705A /* header_bg@2x.png in Resources */,
				2C6D5312198BE21C0044705A /* search_field.png in Resources */,
				2C6D530A198BE21C0044705A /* header_bg.png in Resources */,
				2C6D5310198BE21C0044705A /* pushpin.png in Resources */,
				2C6D5311198BE21C0044705A /* pushpin@2x.png in Resources */,
				2C6D5305198BE21C0044705A /* button@2x.png in Resources */,
				2CEC937B19BA303600B33A7E /* AppIcon57x57.png in Resources */,
				2C6D52CC198BE1D20044705A /* Main.storyboard in Resources */,
				2CEC937619BA303600B33A7E /* AppIcon29x29@2x.png in Resources */,
				2CEC938319BA303600B33A7E /* iTunesArtwork.png in Resources */,
				2CEC938019BA303600B33A7E /* AppIcon72x72@2x.png in Resources */,
				2C6D530D198BE21C0044705A /* navbar@2x.png in Resources */,
				2C6D5315198BE21C0044705A /* search_text@2x.png in Resources */,
				2CEC938119BA303600B33A7E /* AppIcon76x76.png in Resources */,
				2C6D530E198BE21C0044705A /* polaroid1_border.png in Resources */,
			);
			runOnlyForDeploymentPostprocessing = 0;
		};
		2C6D52D4198BE1D20044705A /* Resources */ = {
			isa = PBXResourcesBuildPhase;
			buildActionMask = 2147483647;
			files = (
				2C6D52E2198BE1D20044705A /* InfoPlist.strings in Resources */,
			);
			runOnlyForDeploymentPostprocessing = 0;
		};
/* End PBXResourcesBuildPhase section */

/* Begin PBXShellScriptBuildPhase section */
		83D113551A84422480346445 /* Copy Pods Resources */ = {
			isa = PBXShellScriptBuildPhase;
			buildActionMask = 2147483647;
			files = (
			);
			inputPaths = (
			);
			name = "Copy Pods Resources";
			outputPaths = (
			);
			runOnlyForDeploymentPostprocessing = 0;
			shellPath = /bin/sh;
			shellScript = "\"${SRCROOT}/Pods/Pods-resources.sh\"\n";
			showEnvVarsInLog = 0;
		};
		A83474AC8BA54067A262FC5E /* Check Pods Manifest.lock */ = {
			isa = PBXShellScriptBuildPhase;
			buildActionMask = 2147483647;
			files = (
			);
			inputPaths = (
			);
			name = "Check Pods Manifest.lock";
			outputPaths = (
			);
			runOnlyForDeploymentPostprocessing = 0;
			shellPath = /bin/sh;
			shellScript = "diff \"${PODS_ROOT}/../Podfile.lock\" \"${PODS_ROOT}/Manifest.lock\" > /dev/null\nif [[ $? != 0 ]] ; then\n    cat << EOM\nerror: The sandbox is not in sync with the Podfile.lock. Run 'pod install' or update your CocoaPods installation.\nEOM\n    exit 1\nfi\n";
			showEnvVarsInLog = 0;
		};
/* End PBXShellScriptBuildPhase section */

/* Begin PBXSourcesBuildPhase section */
		2C6D52B1198BE1D10044705A /* Sources */ = {
			isa = PBXSourcesBuildPhase;
			buildActionMask = 2147483647;
			files = (
				2C84A61519CD11B0002DAEBD /* libPods.a in Sources */,
				2C84A61419CD0B79002DAEBD /* CalendarEventViewCell.m in Sources */,
				2C0C773E19AAA5550016A1C5 /* FlickrAlbumCell.m in Sources */,
				2CF50EE719D116B100A95A95 /* TriviaQuestion.m in Sources */,
				2C65934119AF870C00C303B5 /* StudyGuideViewController.m in Sources */,
				2C6D532219903F060044705A /* FlickrPhotoHeaderView.m in Sources */,
				2C6D52CF198BE1D20044705A /* ViewController.m in Sources */,
				2C6D5325199084FB0044705A /* FlickrPhotoViewController.m in Sources */,
				2C6D531F198FC6050044705A /* FlickrPhotoCell.m in Sources */,
				2C0C773819A9731D0016A1C5 /* InitialPageViewController.m in Sources */,
				2C6D52C9198BE1D20044705A /* AppDelegate.m in Sources */,
				2C6D531A198C641A0044705A /* Flickr.m in Sources */,
				2C0C773B19A97D000016A1C5 /* AlbumSelectViewController.m in Sources */,
				2C38A06F19CBDC5000114C6F /* CalendarEvent.m in Sources */,
				2C6D531B198C641A0044705A /* FlickrPhoto.m in Sources */,
				2C38A04B19C93E0D00114C6F /* CalendarViewController.m in Sources */,
				2CF50EDE19CDE7EA00A95A95 /* CalendarTimeRowHeader.m in Sources */,
				2C6D52C5198BE1D20044705A /* main.m in Sources */,
				2CF50EEF19D11F1800A95A95 /* TriviaViewController.m in Sources */,
				2C65933E19AED13500C303B5 /* StudyGuideSelectViewController.m in Sources */,
				2C65934819AFA3C100C303B5 /* QuotesViewController.m in Sources */,
				2C84A61819CD182F002DAEBD /* CalendarDayColumnHeader.m in Sources */,
			);
			runOnlyForDeploymentPostprocessing = 0;
		};
		2C6D52D2198BE1D20044705A /* Sources */ = {
			isa = PBXSourcesBuildPhase;
			buildActionMask = 2147483647;
			files = (
				2C6D52E4198BE1D20044705A /* Mountain_View_Girls_CampTests.m in Sources */,
			);
			runOnlyForDeploymentPostprocessing = 0;
		};
/* End PBXSourcesBuildPhase section */

/* Begin PBXTargetDependency section */
		2C6D52DC198BE1D20044705A /* PBXTargetDependency */ = {
			isa = PBXTargetDependency;
			target = 2C6D52B4198BE1D10044705A /* Mountain View Girls Camp */;
			targetProxy = 2C6D52DB198BE1D20044705A /* PBXContainerItemProxy */;
		};
/* End PBXTargetDependency section */

/* Begin PBXVariantGroup section */
		2C6D52C1198BE1D20044705A /* InfoPlist.strings */ = {
			isa = PBXVariantGroup;
			children = (
				2C6D52C2198BE1D20044705A /* en */,
			);
			name = InfoPlist.strings;
			sourceTree = "<group>";
		};
		2C6D52CA198BE1D20044705A /* Main.storyboard */ = {
			isa = PBXVariantGroup;
			children = (
				2C6D52CB198BE1D20044705A /* Base */,
			);
			name = Main.storyboard;
			sourceTree = "<group>";
		};
		2C6D52E0198BE1D20044705A /* InfoPlist.strings */ = {
			isa = PBXVariantGroup;
			children = (
				2C6D52E1198BE1D20044705A /* en */,
			);
			name = InfoPlist.strings;
			sourceTree = "<group>";
		};
/* End PBXVariantGroup section */

/* Begin XCBuildConfiguration section */
		2C6D52E5198BE1D20044705A /* Debug */ = {
			isa = XCBuildConfiguration;
			buildSettings = {
				ALWAYS_SEARCH_USER_PATHS = NO;
				CLANG_CXX_LANGUAGE_STANDARD = "gnu++0x";
				CLANG_CXX_LIBRARY = "libc++";
				CLANG_ENABLE_MODULES = YES;
				CLANG_ENABLE_OBJC_ARC = YES;
				CLANG_WARN_BOOL_CONVERSION = YES;
				CLANG_WARN_CONSTANT_CONVERSION = YES;
				CLANG_WARN_DIRECT_OBJC_ISA_USAGE = YES_ERROR;
				CLANG_WARN_EMPTY_BODY = YES;
				CLANG_WARN_ENUM_CONVERSION = YES;
				CLANG_WARN_INT_CONVERSION = YES;
				CLANG_WARN_OBJC_ROOT_CLASS = YES_ERROR;
				CLANG_WARN__DUPLICATE_METHOD_MATCH = YES;
				"CODE_SIGN_IDENTITY[sdk=iphoneos*]" = "iPhone Developer";
				COPY_PHASE_STRIP = NO;
				GCC_C_LANGUAGE_STANDARD = gnu99;
				GCC_DYNAMIC_NO_PIC = NO;
				GCC_OPTIMIZATION_LEVEL = 0;
				GCC_PREPROCESSOR_DEFINITIONS = (
					"DEBUG=1",
					"$(inherited)",
				);
				GCC_SYMBOLS_PRIVATE_EXTERN = NO;
				GCC_WARN_64_TO_32_BIT_CONVERSION = YES;
				GCC_WARN_ABOUT_RETURN_TYPE = YES_ERROR;
				GCC_WARN_UNDECLARED_SELECTOR = YES;
				GCC_WARN_UNINITIALIZED_AUTOS = YES_AGGRESSIVE;
				GCC_WARN_UNUSED_FUNCTION = YES;
				GCC_WARN_UNUSED_VARIABLE = YES;
				IPHONEOS_DEPLOYMENT_TARGET = 7.1;
				ONLY_ACTIVE_ARCH = YES;
				SDKROOT = iphoneos;
			};
			name = Debug;
		};
		2C6D52E6198BE1D20044705A /* Release */ = {
			isa = XCBuildConfiguration;
			buildSettings = {
				ALWAYS_SEARCH_USER_PATHS = NO;
				CLANG_CXX_LANGUAGE_STANDARD = "gnu++0x";
				CLANG_CXX_LIBRARY = "libc++";
				CLANG_ENABLE_MODULES = YES;
				CLANG_ENABLE_OBJC_ARC = YES;
				CLANG_WARN_BOOL_CONVERSION = YES;
				CLANG_WARN_CONSTANT_CONVERSION = YES;
				CLANG_WARN_DIRECT_OBJC_ISA_USAGE = YES_ERROR;
				CLANG_WARN_EMPTY_BODY = YES;
				CLANG_WARN_ENUM_CONVERSION = YES;
				CLANG_WARN_INT_CONVERSION = YES;
				CLANG_WARN_OBJC_ROOT_CLASS = YES_ERROR;
				CLANG_WARN__DUPLICATE_METHOD_MATCH = YES;
				"CODE_SIGN_IDENTITY[sdk=iphoneos*]" = "iPhone Developer";
				COPY_PHASE_STRIP = YES;
				ENABLE_NS_ASSERTIONS = NO;
				GCC_C_LANGUAGE_STANDARD = gnu99;
				GCC_WARN_64_TO_32_BIT_CONVERSION = YES;
				GCC_WARN_ABOUT_RETURN_TYPE = YES_ERROR;
				GCC_WARN_UNDECLARED_SELECTOR = YES;
				GCC_WARN_UNINITIALIZED_AUTOS = YES_AGGRESSIVE;
				GCC_WARN_UNUSED_FUNCTION = YES;
				GCC_WARN_UNUSED_VARIABLE = YES;
				IPHONEOS_DEPLOYMENT_TARGET = 7.1;
				SDKROOT = iphoneos;
				VALIDATE_PRODUCT = YES;
			};
			name = Release;
		};
		2C6D52E8198BE1D20044705A /* Debug */ = {
			isa = XCBuildConfiguration;
			baseConfigurationReference = FB09571223DF43A39D7DAD60 /* Pods.xcconfig */;
			buildSettings = {
				ASSETCATALOG_COMPILER_LAUNCHIMAGE_NAME = LaunchImage;
				CODE_SIGN_IDENTITY = "iPhone Developer";
				GCC_PRECOMPILE_PREFIX_HEADER = YES;
				GCC_PREFIX_HEADER = "Mountain View Girls Camp/Mountain View Girls Camp-Prefix.pch";
				HEADER_SEARCH_PATHS = (
					"$(inherited)",
					/Applications/Xcode.app/Contents/Developer/Toolchains/XcodeDefault.xctoolchain/usr/include,
				);
				INFOPLIST_FILE = "Mountain View Girls Camp/Mountain View Girls Camp-Info.plist";
				IPHONEOS_DEPLOYMENT_TARGET = 6.0;
				LIBRARY_SEARCH_PATHS = (
					"$(inherited)",
					"$(PROJECT_DIR)/Pods/build/Debug-iphoneos",
				);
				PRODUCT_NAME = "$(TARGET_NAME)";
				WRAPPER_EXTENSION = app;
			};
			name = Debug;
		};
		2C6D52E9198BE1D20044705A /* Release */ = {
			isa = XCBuildConfiguration;
			baseConfigurationReference = FB09571223DF43A39D7DAD60 /* Pods.xcconfig */;
			buildSettings = {
				ASSETCATALOG_COMPILER_LAUNCHIMAGE_NAME = LaunchImage;
				CODE_SIGN_IDENTITY = "iPhone Developer";
				GCC_PRECOMPILE_PREFIX_HEADER = YES;
				GCC_PREFIX_HEADER = "Mountain View Girls Camp/Mountain View Girls Camp-Prefix.pch";
				HEADER_SEARCH_PATHS = (
					"$(inherited)",
					/Applications/Xcode.app/Contents/Developer/Toolchains/XcodeDefault.xctoolchain/usr/include,
				);
				INFOPLIST_FILE = "Mountain View Girls Camp/Mountain View Girls Camp-Info.plist";
				IPHONEOS_DEPLOYMENT_TARGET = 6.0;
				LIBRARY_SEARCH_PATHS = (
					"$(inherited)",
					"$(PROJECT_DIR)/Pods/build/Debug-iphoneos",
				);
				PRODUCT_NAME = "$(TARGET_NAME)";
				WRAPPER_EXTENSION = app;
			};
			name = Release;
		};
		2C6D52EB198BE1D20044705A /* Debug */ = {
			isa = XCBuildConfiguration;
			buildSettings = {
				BUNDLE_LOADER = "$(BUILT_PRODUCTS_DIR)/Mountain View Girls Camp.app/Mountain View Girls Camp";
				FRAMEWORK_SEARCH_PATHS = (
					"$(SDKROOT)/Developer/Library/Frameworks",
					"$(inherited)",
					"$(DEVELOPER_FRAMEWORKS_DIR)",
				);
				GCC_PRECOMPILE_PREFIX_HEADER = YES;
				GCC_PREFIX_HEADER = "Mountain View Girls Camp/Mountain View Girls Camp-Prefix.pch";
				GCC_PREPROCESSOR_DEFINITIONS = (
					"DEBUG=1",
					"$(inherited)",
				);
				INFOPLIST_FILE = "Mountain View Girls CampTests/Mountain View Girls CampTests-Info.plist";
				PRODUCT_NAME = "$(TARGET_NAME)";
				TEST_HOST = "$(BUNDLE_LOADER)";
				WRAPPER_EXTENSION = xctest;
			};
			name = Debug;
		};
		2C6D52EC198BE1D20044705A /* Release */ = {
			isa = XCBuildConfiguration;
			buildSettings = {
				BUNDLE_LOADER = "$(BUILT_PRODUCTS_DIR)/Mountain View Girls Camp.app/Mountain View Girls Camp";
				FRAMEWORK_SEARCH_PATHS = (
					"$(SDKROOT)/Developer/Library/Frameworks",
					"$(inherited)",
					"$(DEVELOPER_FRAMEWORKS_DIR)",
				);
				GCC_PRECOMPILE_PREFIX_HEADER = YES;
				GCC_PREFIX_HEADER = "Mountain View Girls Camp/Mountain View Girls Camp-Prefix.pch";
				INFOPLIST_FILE = "Mountain View Girls CampTests/Mountain View Girls CampTests-Info.plist";
				PRODUCT_NAME = "$(TARGET_NAME)";
				TEST_HOST = "$(BUNDLE_LOADER)";
				WRAPPER_EXTENSION = xctest;
			};
			name = Release;
		};
/* End XCBuildConfiguration section */

/* Begin XCConfigurationList section */
		2C6D52B0198BE1D10044705A /* Build configuration list for PBXProject "Mountain View Girls Camp" */ = {
			isa = XCConfigurationList;
			buildConfigurations = (
				2C6D52E5198BE1D20044705A /* Debug */,
				2C6D52E6198BE1D20044705A /* Release */,
			);
			defaultConfigurationIsVisible = 0;
			defaultConfigurationName = Release;
		};
		2C6D52E7198BE1D20044705A /* Build configuration list for PBXNativeTarget "Mountain View Girls Camp" */ = {
			isa = XCConfigurationList;
			buildConfigurations = (
				2C6D52E8198BE1D20044705A /* Debug */,
				2C6D52E9198BE1D20044705A /* Release */,
			);
			defaultConfigurationIsVisible = 0;
			defaultConfigurationName = Release;
		};
		2C6D52EA198BE1D20044705A /* Build configuration list for PBXNativeTarget "Mountain View Girls CampTests" */ = {
			isa = XCConfigurationList;
			buildConfigurations = (
				2C6D52EB198BE1D20044705A /* Debug */,
				2C6D52EC198BE1D20044705A /* Release */,
			);
			defaultConfigurationIsVisible = 0;
			defaultConfigurationName = Release;
		};
/* End XCConfigurationList section */
	};
	rootObject = 2C6D52AD198BE1D10044705A /* Project object */;
}
