// !$*UTF8*$!
{
	archiveVersion = 1;
	classes = {
	};
	objectVersion = 46;
	objects = {

/* Begin PBXBuildFile section */
		2C6D52B9198BE1D20044705A /* Foundation.framework in Frameworks */ = {isa = PBXBuildFile; fileRef = 2C6D52B8198BE1D20044705A /* Foundation.framework */; };
		2C6D52BB198BE1D20044705A /* CoreGraphics.framework in Frameworks */ = {isa = PBXBuildFile; fileRef = 2C6D52BA198BE1D20044705A /* CoreGraphics.framework */; };
		2C6D52BD198BE1D20044705A /* UIKit.framework in Frameworks */ = {isa = PBXBuildFile; fileRef = 2C6D52BC198BE1D20044705A /* UIKit.framework */; };
		2C6D52C3198BE1D20044705A /* InfoPlist.strings in Resources */ = {isa = PBXBuildFile; fileRef = 2C6D52C1198BE1D20044705A /* InfoPlist.strings */; };
		2C6D52C5198BE1D20044705A /* main.m in Sources */ = {isa = PBXBuildFile; fileRef = 2C6D52C4198BE1D20044705A /* main.m */; };
		2C6D52C9198BE1D20044705A /* AppDelegate.m in Sources */ = {isa = PBXBuildFile; fileRef = 2C6D52C8198BE1D20044705A /* AppDelegate.m */; };
		2C6D52CC198BE1D20044705A /* Main.storyboard in Resources */ = {isa = PBXBuildFile; fileRef = 2C6D52CA198BE1D20044705A /* Main.storyboard */; };
		2C6D52CF198BE1D20044705A /* ViewController.m in Sources */ = {isa = PBXBuildFile; fileRef = 2C6D52CE198BE1D20044705A /* ViewController.m */; };
		2C6D52D1198BE1D20044705A /* Images.xcassets in Resources */ = {isa = PBXBuildFile; fileRef = 2C6D52D0198BE1D20044705A /* Images.xcassets */; };
		2C6D52D8198BE1D20044705A /* XCTest.framework in Frameworks */ = {isa = PBXBuildFile; fileRef = 2C6D52D7198BE1D20044705A /* XCTest.framework */; };
		2C6D52D9198BE1D20044705A /* Foundation.framework in Frameworks */ = {isa = PBXBuildFile; fileRef = 2C6D52B8198BE1D20044705A /* Foundation.framework */; };
		2C6D52DA198BE1D20044705A /* UIKit.framework in Frameworks */ = {isa = PBXBuildFile; fileRef = 2C6D52BC198BE1D20044705A /* UIKit.framework */; };
		2C6D52E2198BE1D20044705A /* InfoPlist.strings in Resources */ = {isa = PBXBuildFile; fileRef = 2C6D52E0198BE1D20044705A /* InfoPlist.strings */; };
		2C6D52E4198BE1D20044705A /* Mountain_View_Girls_CampTests.m in Sources */ = {isa = PBXBuildFile; fileRef = 2C6D52E3198BE1D20044705A /* Mountain_View_Girls_CampTests.m */; };
/* End PBXBuildFile section */

/* Begin PBXContainerItemProxy section */
		2C6D52DB198BE1D20044705A /* PBXContainerItemProxy */ = {
			isa = PBXContainerItemProxy;
			containerPortal = 2C6D52AD198BE1D10044705A /* Project object */;
			proxyType = 1;
			remoteGlobalIDString = 2C6D52B4198BE1D10044705A;
			remoteInfo = "Mountain View Girls Camp";
		};
/* End PBXContainerItemProxy section */

/* Begin PBXFileReference section */
		2C6D52B5198BE1D10044705A /* Mountain View Girls Camp.app */ = {isa = PBXFileReference; explicitFileType = wrapper.application; includeInIndex = 0; path = "Mountain View Girls Camp.app"; sourceTree = BUILT_PRODUCTS_DIR; };
		2C6D52B8198BE1D20044705A /* Foundation.framework */ = {isa = PBXFileReference; lastKnownFileType = wrapper.framework; name = Foundation.framework; path = System/Library/Frameworks/Foundation.framework; sourceTree = SDKROOT; };
		2C6D52BA198BE1D20044705A /* CoreGraphics.framework */ = {isa = PBXFileReference; lastKnownFileType = wrapper.framework; name = CoreGraphics.framework; path = System/Library/Frameworks/CoreGraphics.framework; sourceTree = SDKROOT; };
		2C6D52BC198BE1D20044705A /* UIKit.framework */ = {isa = PBXFileReference; lastKnownFileType = wrapper.framework; name = UIKit.framework; path = System/Library/Frameworks/UIKit.framework; sourceTree = SDKROOT; };
		2C6D52C0198BE1D20044705A /* Mountain View Girls Camp-Info.plist */ = {isa = PBXFileReference; lastKnownFileType = text.plist.xml; path = "Mountain View Girls Camp-Info.plist"; sourceTree = "<group>"; };
		2C6D52C2198BE1D20044705A /* en */ = {isa = PBXFileReference; lastKnownFileType = text.plist.strings; name = en; path = en.lproj/InfoPlist.strings; sourceTree = "<group>"; };
		2C6D52C4198BE1D20044705A /* main.m */ = {isa = PBXFileReference; lastKnownFileType = sourcecode.c.objc; path = main.m; sourceTree = "<group>"; };
		2C6D52C6198BE1D20044705A /* Mountain View Girls Camp-Prefix.pch */ = {isa = PBXFileReference; lastKnownFileType = sourcecode.c.h; path = "Mountain View Girls Camp-Prefix.pch"; sourceTree = "<group>"; };
		2C6D52C7198BE1D20044705A /* AppDelegate.h */ = {isa = PBXFileReference; lastKnownFileType = sourcecode.c.h; path = AppDelegate.h; sourceTree = "<group>"; };
		2C6D52C8198BE1D20044705A /* AppDelegate.m */ = {isa = PBXFileReference; lastKnownFileType = sourcecode.c.objc; path = AppDelegate.m; sourceTree = "<group>"; };
		2C6D52CB198BE1D20044705A /* Base */ = {isa = PBXFileReference; lastKnownFileType = file.storyboard; name = Base; path = Base.lproj/Main.storyboard; sourceTree = "<group>"; };
		2C6D52CD198BE1D20044705A /* ViewController.h */ = {isa = PBXFileReference; lastKnownFileType = sourcecode.c.h; path = ViewController.h; sourceTree = "<group>"; };
		2C6D52CE198BE1D20044705A /* ViewController.m */ = {isa = PBXFileReference; lastKnownFileType = sourcecode.c.objc; path = ViewController.m; sourceTree = "<group>"; };
		2C6D52D0198BE1D20044705A /* Images.xcassets */ = {isa = PBXFileReference; lastKnownFileType = folder.assetcatalog; path = Images.xcassets; sourceTree = "<group>"; };
		2C6D52D6198BE1D20044705A /* Mountain View Girls CampTests.xctest */ = {isa = PBXFileReference; explicitFileType = wrapper.cfbundle; includeInIndex = 0; path = "Mountain View Girls CampTests.xctest"; sourceTree = BUILT_PRODUCTS_DIR; };
		2C6D52D7198BE1D20044705A /* XCTest.framework */ = {isa = PBXFileReference; lastKnownFileType = wrapper.framework; name = XCTest.framework; path = Library/Frameworks/XCTest.framework; sourceTree = DEVELOPER_DIR; };
		2C6D52DF198BE1D20044705A /* Mountain View Girls CampTests-Info.plist */ = {isa = PBXFileReference; lastKnownFileType = text.plist.xml; path = "Mountain View Girls CampTests-Info.plist"; sourceTree = "<group>"; };
		2C6D52E1198BE1D20044705A /* en */ = {isa = PBXFileReference; lastKnownFileType = text.plist.strings; name = en; path = en.lproj/InfoPlist.strings; sourceTree = "<group>"; };
		2C6D52E3198BE1D20044705A /* Mountain_View_Girls_CampTests.m */ = {isa = PBXFileReference; lastKnownFileType = sourcecode.c.objc; path = Mountain_View_Girls_CampTests.m; sourceTree = "<group>"; };
/* End PBXFileReference section */

/* Begin PBXFrameworksBuildPhase section */
		2C6D52B2198BE1D10044705A /* Frameworks */ = {
			isa = PBXFrameworksBuildPhase;
			buildActionMask = 2147483647;
			files = (
				2C6D52BB198BE1D20044705A /* CoreGraphics.framework in Frameworks */,
				2C6D52BD198BE1D20044705A /* UIKit.framework in Frameworks */,
				2C6D52B9198BE1D20044705A /* Foundation.framework in Frameworks */,
			);
			runOnlyForDeploymentPostprocessing = 0;
		};
		2C6D52D3198BE1D20044705A /* Frameworks */ = {
			isa = PBXFrameworksBuildPhase;
			buildActionMask = 2147483647;
			files = (
				2C6D52D8198BE1D20044705A /* XCTest.framework in Frameworks */,
				2C6D52DA198BE1D20044705A /* UIKit.framework in Frameworks */,
				2C6D52D9198BE1D20044705A /* Foundation.framework in Frameworks */,
			);
			runOnlyForDeploymentPostprocessing = 0;
		};
/* End PBXFrameworksBuildPhase section */

/* Begin PBXGroup section */
		2C6D52AC198BE1D10044705A = {
			isa = PBXGroup;
			children = (
				2C6D52BE198BE1D20044705A /* Mountain View Girls Camp */,
				2C6D52DD198BE1D20044705A /* Mountain View Girls CampTests */,
				2C6D52B7198BE1D10044705A /* Frameworks */,
				2C6D52B6198BE1D10044705A /* Products */,
			);
			sourceTree = "<group>";
		};
		2C6D52B6198BE1D10044705A /* Products */ = {
			isa = PBXGroup;
			children = (
				2C6D52B5198BE1D10044705A /* Mountain View Girls Camp.app */,
				2C6D52D6198BE1D20044705A /* Mountain View Girls CampTests.xctest */,
			);
			name = Products;
			sourceTree = "<group>";
		};
		2C6D52B7198BE1D10044705A /* Frameworks */ = {
			isa = PBXGroup;
			children = (
				2C6D52B8198BE1D20044705A /* Foundation.framework */,
				2C6D52BA198BE1D20044705A /* CoreGraphics.framework */,
				2C6D52BC198BE1D20044705A /* UIKit.framework */,
				2C6D52D7198BE1D20044705A /* XCTest.framework */,
			);
			name = Frameworks;
			sourceTree = "<group>";
		};
		2C6D52BE198BE1D20044705A /* Mountain View Girls Camp */ = {
			isa = PBXGroup;
			children = (
				2C6D52C7198BE1D20044705A /* AppDelegate.h */,
				2C6D52C8198BE1D20044705A /* AppDelegate.m */,
				2C6D52CA198BE1D20044705A /* Main.storyboard */,
				2C6D52CD198BE1D20044705A /* ViewController.h */,
				2C6D52CE198BE1D20044705A /* ViewController.m */,
				2C6D52D0198BE1D20044705A /* Images.xcassets */,
				2C6D52BF198BE1D20044705A /* Supporting Files */,
			);
			path = "Mountain View Girls Camp";
			sourceTree = "<group>";
		};
		2C6D52BF198BE1D20044705A /* Supporting Files */ = {
			isa = PBXGroup;
			children = (
				2C6D52C0198BE1D20044705A /* Mountain View Girls Camp-Info.plist */,
				2C6D52C1198BE1D20044705A /* InfoPlist.strings */,
				2C6D52C4198BE1D20044705A /* main.m */,
				2C6D52C6198BE1D20044705A /* Mountain View Girls Camp-Prefix.pch */,
			);
			name = "Supporting Files";
			sourceTree = "<group>";
		};
		2C6D52DD198BE1D20044705A /* Mountain View Girls CampTests */ = {
			isa = PBXGroup;
			children = (
				2C6D52E3198BE1D20044705A /* Mountain_View_Girls_CampTests.m */,
				2C6D52DE198BE1D20044705A /* Supporting Files */,
			);
			path = "Mountain View Girls CampTests";
			sourceTree = "<group>";
		};
		2C6D52DE198BE1D20044705A /* Supporting Files */ = {
			isa = PBXGroup;
			children = (
				2C6D52DF198BE1D20044705A /* Mountain View Girls CampTests-Info.plist */,
				2C6D52E0198BE1D20044705A /* InfoPlist.strings */,
			);
			name = "Supporting Files";
			sourceTree = "<group>";
		};
/* End PBXGroup section */

/* Begin PBXNativeTarget section */
		2C6D52B4198BE1D10044705A /* Mountain View Girls Camp */ = {
			isa = PBXNativeTarget;
			buildConfigurationList = 2C6D52E7198BE1D20044705A /* Build configuration list for PBXNativeTarget "Mountain View Girls Camp" */;
			buildPhases = (
				2C6D52B1198BE1D10044705A /* Sources */,
				2C6D52B2198BE1D10044705A /* Frameworks */,
				2C6D52B3198BE1D10044705A /* Resources */,
			);
			buildRules = (
			);
			dependencies = (
			);
			name = "Mountain View Girls Camp";
			productName = "Mountain View Girls Camp";
			productReference = 2C6D52B5198BE1D10044705A /* Mountain View Girls Camp.app */;
			productType = "com.apple.product-type.application";
		};
		2C6D52D5198BE1D20044705A /* Mountain View Girls CampTests */ = {
			isa = PBXNativeTarget;
			buildConfigurationList = 2C6D52EA198BE1D20044705A /* Build configuration list for PBXNativeTarget "Mountain View Girls CampTests" */;
			buildPhases = (
				2C6D52D2198BE1D20044705A /* Sources */,
				2C6D52D3198BE1D20044705A /* Frameworks */,
				2C6D52D4198BE1D20044705A /* Resources */,
			);
			buildRules = (
			);
			dependencies = (
				2C6D52DC198BE1D20044705A /* PBXTargetDependency */,
			);
			name = "Mountain View Girls CampTests";
			productName = "Mountain View Girls CampTests";
			productReference = 2C6D52D6198BE1D20044705A /* Mountain View Girls CampTests.xctest */;
			productType = "com.apple.product-type.bundle.unit-test";
		};
/* End PBXNativeTarget section */

/* Begin PBXProject section */
		2C6D52AD198BE1D10044705A /* Project object */ = {
			isa = PBXProject;
			attributes = {
				LastUpgradeCheck = 0510;
				ORGANIZATIONNAME = "___FULLUSERNAME___";
				TargetAttributes = {
					2C6D52D5198BE1D20044705A = {
						TestTargetID = 2C6D52B4198BE1D10044705A;
					};
				};
			};
			buildConfigurationList = 2C6D52B0198BE1D10044705A /* Build configuration list for PBXProject "Mountain View Girls Camp" */;
			compatibilityVersion = "Xcode 3.2";
			developmentRegion = English;
			hasScannedForEncodings = 0;
			knownRegions = (
				en,
				Base,
			);
			mainGroup = 2C6D52AC198BE1D10044705A;
			productRefGroup = 2C6D52B6198BE1D10044705A /* Products */;
			projectDirPath = "";
			projectRoot = "";
			targets = (
				2C6D52B4198BE1D10044705A /* Mountain View Girls Camp */,
				2C6D52D5198BE1D20044705A /* Mountain View Girls CampTests */,
			);
		};
/* End PBXProject section */

/* Begin PBXResourcesBuildPhase section */
		2C6D52B3198BE1D10044705A /* Resources */ = {
			isa = PBXResourcesBuildPhase;
			buildActionMask = 2147483647;
			files = (
				2C6D52D1198BE1D20044705A /* Images.xcassets in Resources */,
				2C6D52C3198BE1D20044705A /* InfoPlist.strings in Resources */,
				2C6D52CC198BE1D20044705A /* Main.storyboard in Resources */,
			);
			runOnlyForDeploymentPostprocessing = 0;
		};
		2C6D52D4198BE1D20044705A /* Resources */ = {
			isa = PBXResourcesBuildPhase;
			buildActionMask = 2147483647;
			files = (
				2C6D52E2198BE1D20044705A /* InfoPlist.strings in Resources */,
			);
			runOnlyForDeploymentPostprocessing = 0;
		};
/* End PBXResourcesBuildPhase section */

/* Begin PBXSourcesBuildPhase section */
		2C6D52B1198BE1D10044705A /* Sources */ = {
			isa = PBXSourcesBuildPhase;
			buildActionMask = 2147483647;
			files = (
				2C6D52CF198BE1D20044705A /* ViewController.m in Sources */,
				2C6D52C9198BE1D20044705A /* AppDelegate.m in Sources */,
				2C6D52C5198BE1D20044705A /* main.m in Sources */,
			);
			runOnlyForDeploymentPostprocessing = 0;
		};
		2C6D52D2198BE1D20044705A /* Sources */ = {
			isa = PBXSourcesBuildPhase;
			buildActionMask = 2147483647;
			files = (
				2C6D52E4198BE1D20044705A /* Mountain_View_Girls_CampTests.m in Sources */,
			);
			runOnlyForDeploymentPostprocessing = 0;
		};
/* End PBXSourcesBuildPhase section */

/* Begin PBXTargetDependency section */
		2C6D52DC198BE1D20044705A /* PBXTargetDependency */ = {
			isa = PBXTargetDependency;
			target = 2C6D52B4198BE1D10044705A /* Mountain View Girls Camp */;
			targetProxy = 2C6D52DB198BE1D20044705A /* PBXContainerItemProxy */;
		};
/* End PBXTargetDependency section */

/* Begin PBXVariantGroup section */
		2C6D52C1198BE1D20044705A /* InfoPlist.strings */ = {
			isa = PBXVariantGroup;
			children = (
				2C6D52C2198BE1D20044705A /* en */,
			);
			name = InfoPlist.strings;
			sourceTree = "<group>";
		};
		2C6D52CA198BE1D20044705A /* Main.storyboard */ = {
			isa = PBXVariantGroup;
			children = (
				2C6D52CB198BE1D20044705A /* Base */,
			);
			name = Main.storyboard;
			sourceTree = "<group>";
		};
		2C6D52E0198BE1D20044705A /* InfoPlist.strings */ = {
			isa = PBXVariantGroup;
			children = (
				2C6D52E1198BE1D20044705A /* en */,
			);
			name = InfoPlist.strings;
			sourceTree = "<group>";
		};
/* End PBXVariantGroup section */

/* Begin XCBuildConfiguration section */
		2C6D52E5198BE1D20044705A /* Debug */ = {
			isa = XCBuildConfiguration;
			buildSettings = {
				ALWAYS_SEARCH_USER_PATHS = NO;
				CLANG_CXX_LANGUAGE_STANDARD = "gnu++0x";
				CLANG_CXX_LIBRARY = "libc++";
				CLANG_ENABLE_MODULES = YES;
				CLANG_ENABLE_OBJC_ARC = YES;
				CLANG_WARN_BOOL_CONVERSION = YES;
				CLANG_WARN_CONSTANT_CONVERSION = YES;
				CLANG_WARN_DIRECT_OBJC_ISA_USAGE = YES_ERROR;
				CLANG_WARN_EMPTY_BODY = YES;
				CLANG_WARN_ENUM_CONVERSION = YES;
				CLANG_WARN_INT_CONVERSION = YES;
				CLANG_WARN_OBJC_ROOT_CLASS = YES_ERROR;
				CLANG_WARN__DUPLICATE_METHOD_MATCH = YES;
				"CODE_SIGN_IDENTITY[sdk=iphoneos*]" = "iPhone Developer";
				COPY_PHASE_STRIP = NO;
				GCC_C_LANGUAGE_STANDARD = gnu99;
				GCC_DYNAMIC_NO_PIC = NO;
				GCC_OPTIMIZATION_LEVEL = 0;
				GCC_PREPROCESSOR_DEFINITIONS = (
					"DEBUG=1",
					"$(inherited)",
				);
				GCC_SYMBOLS_PRIVATE_EXTERN = NO;
				GCC_WARN_64_TO_32_BIT_CONVERSION = YES;
				GCC_WARN_ABOUT_RETURN_TYPE = YES_ERROR;
				GCC_WARN_UNDECLARED_SELECTOR = YES;
				GCC_WARN_UNINITIALIZED_AUTOS = YES_AGGRESSIVE;
				GCC_WARN_UNUSED_FUNCTION = YES;
				GCC_WARN_UNUSED_VARIABLE = YES;
				IPHONEOS_DEPLOYMENT_TARGET = 7.1;
				ONLY_ACTIVE_ARCH = YES;
				SDKROOT = iphoneos;
			};
			name = Debug;
		};
		2C6D52E6198BE1D20044705A /* Release */ = {
			isa = XCBuildConfiguration;
			buildSettings = {
				ALWAYS_SEARCH_USER_PATHS = NO;
				CLANG_CXX_LANGUAGE_STANDARD = "gnu++0x";
				CLANG_CXX_LIBRARY = "libc++";
				CLANG_ENABLE_MODULES = YES;
				CLANG_ENABLE_OBJC_ARC = YES;
				CLANG_WARN_BOOL_CONVERSION = YES;
				CLANG_WARN_CONSTANT_CONVERSION = YES;
				CLANG_WARN_DIRECT_OBJC_ISA_USAGE = YES_ERROR;
				CLANG_WARN_EMPTY_BODY = YES;
				CLANG_WARN_ENUM_CONVERSION = YES;
				CLANG_WARN_INT_CONVERSION = YES;
				CLANG_WARN_OBJC_ROOT_CLASS = YES_ERROR;
				CLANG_WARN__DUPLICATE_METHOD_MATCH = YES;
				"CODE_SIGN_IDENTITY[sdk=iphoneos*]" = "iPhone Developer";
				COPY_PHASE_STRIP = YES;
				ENABLE_NS_ASSERTIONS = NO;
				GCC_C_LANGUAGE_STANDARD = gnu99;
				GCC_WARN_64_TO_32_BIT_CONVERSION = YES;
				GCC_WARN_ABOUT_RETURN_TYPE = YES_ERROR;
				GCC_WARN_UNDECLARED_SELECTOR = YES;
				GCC_WARN_UNINITIALIZED_AUTOS = YES_AGGRESSIVE;
				GCC_WARN_UNUSED_FUNCTION = YES;
				GCC_WARN_UNUSED_VARIABLE = YES;
				IPHONEOS_DEPLOYMENT_TARGET = 7.1;
				SDKROOT = iphoneos;
				VALIDATE_PRODUCT = YES;
			};
			name = Release;
		};
		2C6D52E8198BE1D20044705A /* Debug */ = {
			isa = XCBuildConfiguration;
			buildSettings = {
				ASSETCATALOG_COMPILER_APPICON_NAME = AppIcon;
				ASSETCATALOG_COMPILER_LAUNCHIMAGE_NAME = LaunchImage;
				GCC_PRECOMPILE_PREFIX_HEADER = YES;
				GCC_PREFIX_HEADER = "Mountain View Girls Camp/Mountain View Girls Camp-Prefix.pch";
				INFOPLIST_FILE = "Mountain View Girls Camp/Mountain View Girls Camp-Info.plist";
				PRODUCT_NAME = "$(TARGET_NAME)";
				WRAPPER_EXTENSION = app;
			};
			name = Debug;
		};
		2C6D52E9198BE1D20044705A /* Release */ = {
			isa = XCBuildConfiguration;
			buildSettings = {
				ASSETCATALOG_COMPILER_APPICON_NAME = AppIcon;
				ASSETCATALOG_COMPILER_LAUNCHIMAGE_NAME = LaunchImage;
				GCC_PRECOMPILE_PREFIX_HEADER = YES;
				GCC_PREFIX_HEADER = "Mountain View Girls Camp/Mountain View Girls Camp-Prefix.pch";
				INFOPLIST_FILE = "Mountain View Girls Camp/Mountain View Girls Camp-Info.plist";
				PRODUCT_NAME = "$(TARGET_NAME)";
				WRAPPER_EXTENSION = app;
			};
			name = Release;
		};
		2C6D52EB198BE1D20044705A /* Debug */ = {
			isa = XCBuildConfiguration;
			buildSettings = {
				BUNDLE_LOADER = "$(BUILT_PRODUCTS_DIR)/Mountain View Girls Camp.app/Mountain View Girls Camp";
				FRAMEWORK_SEARCH_PATHS = (
					"$(SDKROOT)/Developer/Library/Frameworks",
					"$(inherited)",
					"$(DEVELOPER_FRAMEWORKS_DIR)",
				);
				GCC_PRECOMPILE_PREFIX_HEADER = YES;
				GCC_PREFIX_HEADER = "Mountain View Girls Camp/Mountain View Girls Camp-Prefix.pch";
				GCC_PREPROCESSOR_DEFINITIONS = (
					"DEBUG=1",
					"$(inherited)",
				);
				INFOPLIST_FILE = "Mountain View Girls CampTests/Mountain View Girls CampTests-Info.plist";
				PRODUCT_NAME = "$(TARGET_NAME)";
				TEST_HOST = "$(BUNDLE_LOADER)";
				WRAPPER_EXTENSION = xctest;
			};
			name = Debug;
		};
		2C6D52EC198BE1D20044705A /* Release */ = {
			isa = XCBuildConfiguration;
			buildSettings = {
				BUNDLE_LOADER = "$(BUILT_PRODUCTS_DIR)/Mountain View Girls Camp.app/Mountain View Girls Camp";
				FRAMEWORK_SEARCH_PATHS = (
					"$(SDKROOT)/Developer/Library/Frameworks",
					"$(inherited)",
					"$(DEVELOPER_FRAMEWORKS_DIR)",
				);
				GCC_PRECOMPILE_PREFIX_HEADER = YES;
				GCC_PREFIX_HEADER = "Mountain View Girls Camp/Mountain View Girls Camp-Prefix.pch";
				INFOPLIST_FILE = "Mountain View Girls CampTests/Mountain View Girls CampTests-Info.plist";
				PRODUCT_NAME = "$(TARGET_NAME)";
				TEST_HOST = "$(BUNDLE_LOADER)";
				WRAPPER_EXTENSION = xctest;
			};
			name = Release;
		};
/* End XCBuildConfiguration section */

/* Begin XCConfigurationList section */
		2C6D52B0198BE1D10044705A /* Build configuration list for PBXProject "Mountain View Girls Camp" */ = {
			isa = XCConfigurationList;
			buildConfigurations = (
				2C6D52E5198BE1D20044705A /* Debug */,
				2C6D52E6198BE1D20044705A /* Release */,
			);
			defaultConfigurationIsVisible = 0;
			defaultConfigurationName = Release;
		};
		2C6D52E7198BE1D20044705A /* Build configuration list for PBXNativeTarget "Mountain View Girls Camp" */ = {
			isa = XCConfigurationList;
			buildConfigurations = (
				2C6D52E8198BE1D20044705A /* Debug */,
				2C6D52E9198BE1D20044705A /* Release */,
			);
			defaultConfigurationIsVisible = 0;
		};
		2C6D52EA198BE1D20044705A /* Build configuration list for PBXNativeTarget "Mountain View Girls CampTests" */ = {
			isa = XCConfigurationList;
			buildConfigurations = (
				2C6D52EB198BE1D20044705A /* Debug */,
				2C6D52EC198BE1D20044705A /* Release */,
			);
			defaultConfigurationIsVisible = 0;
		};
/* End XCConfigurationList section */
	};
	rootObject = 2C6D52AD198BE1D10044705A /* Project object */;
}
